// !$*UTF8*$!
{
	archiveVersion = 1;
	classes = {
	};
	objectVersion = 55;
	objects = {

/* Begin PBXBuildFile section */
		7DDA8CB1F1717448DDBF8C64 /* Pods_SmallPink.framework in Frameworks */ = {isa = PBXBuildFile; fileRef = 492C49A31AF87856054FBD4A /* Pods_SmallPink.framework */; };
		E406E83D2805B23200DCBD04 /* ChannelTableVC.swift in Sources */ = {isa = PBXBuildFile; fileRef = E406E83C2805B23200DCBD04 /* ChannelTableVC.swift */; };
		E406E83F2805BA1700DCBD04 /* Protocols.swift in Sources */ = {isa = PBXBuildFile; fileRef = E406E83E2805BA1700DCBD04 /* Protocols.swift */; };
		E40A423427FFEE31000C1BA0 /* AppDelegate.swift in Sources */ = {isa = PBXBuildFile; fileRef = E40A423327FFEE31000C1BA0 /* AppDelegate.swift */; };
		E40A423627FFEE31000C1BA0 /* SceneDelegate.swift in Sources */ = {isa = PBXBuildFile; fileRef = E40A423527FFEE31000C1BA0 /* SceneDelegate.swift */; };
		E40A423B27FFEE31000C1BA0 /* Main.storyboard in Resources */ = {isa = PBXBuildFile; fileRef = E40A423927FFEE31000C1BA0 /* Main.storyboard */; };
		E40A423E27FFEE31000C1BA0 /* SmallPink.xcdatamodeld in Sources */ = {isa = PBXBuildFile; fileRef = E40A423C27FFEE31000C1BA0 /* SmallPink.xcdatamodeld */; };
		E40A424027FFEE34000C1BA0 /* Assets.xcassets in Resources */ = {isa = PBXBuildFile; fileRef = E40A423F27FFEE34000C1BA0 /* Assets.xcassets */; };
		E40A424327FFEE34000C1BA0 /* LaunchScreen.storyboard in Resources */ = {isa = PBXBuildFile; fileRef = E40A424127FFEE34000C1BA0 /* LaunchScreen.storyboard */; };
		E40A424B27FFEF16000C1BA0 /* .gitignore in Resources */ = {isa = PBXBuildFile; fileRef = E40A424A27FFEF16000C1BA0 /* .gitignore */; };
		E417DD932807E10A00A2A75D /* DraftNoteWaterfallCell.swift in Sources */ = {isa = PBXBuildFile; fileRef = E417DD922807E10A00A2A75D /* DraftNoteWaterfallCell.swift */; };
		E41CA11228051FF100225DCD /* testVideo.mp4 in Resources */ = {isa = PBXBuildFile; fileRef = E41CA11128051F7100225DCD /* testVideo.mp4 */; };
		E41CA114280522E400225DCD /* NoteEditVC-DragDrop.swift in Sources */ = {isa = PBXBuildFile; fileRef = E41CA113280522E400225DCD /* NoteEditVC-DragDrop.swift */; };
		E41CA11628054E8B00225DCD /* NoteEditVC-CollectionView.swift in Sources */ = {isa = PBXBuildFile; fileRef = E41CA11528054E8B00225DCD /* NoteEditVC-CollectionView.swift */; };
		E4209E812806CD76004EAD01 /* POIVC-Location.swift in Sources */ = {isa = PBXBuildFile; fileRef = E4209E802806CD76004EAD01 /* POIVC-Location.swift */; };
		E4209E832806D0CF004EAD01 /* POIVC-KeywordsSearch.swift in Sources */ = {isa = PBXBuildFile; fileRef = E4209E822806D0CF004EAD01 /* POIVC-KeywordsSearch.swift */; };
		E4258039280CF266009B30BB /* LoginVC.swift in Sources */ = {isa = PBXBuildFile; fileRef = E4258038280CF266009B30BB /* LoginVC.swift */; };
		E425803B280CF5A1009B30BB /* LocalLogin-Extensions.swift in Sources */ = {isa = PBXBuildFile; fileRef = E425803A280CF5A1009B30BB /* LocalLogin-Extensions.swift */; };
		E42B60412813DD2300EDAA71 /* LC-Extensions.swift in Sources */ = {isa = PBXBuildFile; fileRef = E42B60402813DD2300EDAA71 /* LC-Extensions.swift */; };
		E42B60432813E5AD00EDAA71 /* Login-Extensions.swift in Sources */ = {isa = PBXBuildFile; fileRef = E42B60422813E5AD00EDAA71 /* Login-Extensions.swift */; };
		E42B60452813ECF900EDAA71 /* LoginAndMeParentVC.swift in Sources */ = {isa = PBXBuildFile; fileRef = E42B60442813ECF900EDAA71 /* LoginAndMeParentVC.swift */; };
		E42C60F9280FF6DA0009B907 /* CodeLoginVC.swift in Sources */ = {isa = PBXBuildFile; fileRef = E42C60F8280FF6D90009B907 /* CodeLoginVC.swift */; };
		E42C60FB280FF6EC0009B907 /* PasswordLoginVC.swift in Sources */ = {isa = PBXBuildFile; fileRef = E42C60FA280FF6EC0009B907 /* PasswordLoginVC.swift */; };
		E435A26B280FA50D002D76A8 /* SocialLoginVC-Apple.swift in Sources */ = {isa = PBXBuildFile; fileRef = E435A26A280FA50D002D76A8 /* SocialLoginVC-Apple.swift */; };
		E441D807280E9AC500049430 /* libcrypto.a in Frameworks */ = {isa = PBXBuildFile; fileRef = E441D7B4280E9AC500049430 /* libcrypto.a */; };
		E441D808280E9AC500049430 /* openssl_wrapper.m in Sources */ = {isa = PBXBuildFile; fileRef = E441D7B6280E9AC500049430 /* openssl_wrapper.m */; };
		E441D809280E9AC500049430 /* APRSASigner.m in Sources */ = {isa = PBXBuildFile; fileRef = E441D7B9280E9AC500049430 /* APRSASigner.m */; };
		E441D80A280E9AC500049430 /* libssl.a in Frameworks */ = {isa = PBXBuildFile; fileRef = E441D7BA280E9AC500049430 /* libssl.a */; };
		E44483952802701000EF1D37 /* WaterfallVC.swift in Sources */ = {isa = PBXBuildFile; fileRef = E44483942802701000EF1D37 /* WaterfallVC.swift */; };
		E44483972802706500EF1D37 /* WaterfallCell.swift in Sources */ = {isa = PBXBuildFile; fileRef = E44483962802706500EF1D37 /* WaterfallCell.swift */; };
		E444839B28027F6700EF1D37 /* TabBarC.swift in Sources */ = {isa = PBXBuildFile; fileRef = E444839A28027F6700EF1D37 /* TabBarC.swift */; };
		E444839E28027FFC00EF1D37 /* PostVC.swift in Sources */ = {isa = PBXBuildFile; fileRef = E444839D28027FFC00EF1D37 /* PostVC.swift */; };
		E44483A02802804800EF1D37 /* System-Extensions.swift in Sources */ = {isa = PBXBuildFile; fileRef = E444839F2802804800EF1D37 /* System-Extensions.swift */; };
		E44631052808FC25008AFCE1 /* NoteEditVC-Helper.swift in Sources */ = {isa = PBXBuildFile; fileRef = E44631042808FC25008AFCE1 /* NoteEditVC-Helper.swift */; };
		E44631072808FFF7008AFCE1 /* NoteEditVC-UI.swift in Sources */ = {isa = PBXBuildFile; fileRef = E44631062808FFF7008AFCE1 /* NoteEditVC-UI.swift */; };
		E446310928091423008AFCE1 /* MeVC.swift in Sources */ = {isa = PBXBuildFile; fileRef = E446310828091423008AFCE1 /* MeVC.swift */; };
		E44DD60B280655D0007A13A0 /* POIVC.swift in Sources */ = {isa = PBXBuildFile; fileRef = E44DD60A280655D0007A13A0 /* POIVC.swift */; };
		E476499C28002CE00069B535 /* HomeVC.swift in Sources */ = {isa = PBXBuildFile; fileRef = E476499B28002CE00069B535 /* HomeVC.swift */; };
		E476499E280034BF0069B535 /* FollowVC.swift in Sources */ = {isa = PBXBuildFile; fileRef = E476499D280034BF0069B535 /* FollowVC.swift */; };
		E47649A0280034DA0069B535 /* DiscoverVC.swift in Sources */ = {isa = PBXBuildFile; fileRef = E476499F280034DA0069B535 /* DiscoverVC.swift */; };
		E47649A2280034FB0069B535 /* NearbyVC.swift in Sources */ = {isa = PBXBuildFile; fileRef = E47649A1280034FB0069B535 /* NearbyVC.swift */; };
		E47649A5280035610069B535 /* Constants.swift in Sources */ = {isa = PBXBuildFile; fileRef = E47649A4280035610069B535 /* Constants.swift */; };
		E47916B9281F831D00D94250 /* MeVC-UI.swift in Sources */ = {isa = PBXBuildFile; fileRef = E47916B8281F831D00D94250 /* MeVC-UI.swift */; };
		E47916BB281F848200D94250 /* MeHeaderView.swift in Sources */ = {isa = PBXBuildFile; fileRef = E47916BA281F848200D94250 /* MeHeaderView.swift */; };
		E47916BD281F849100D94250 /* MeHeaderView.xib in Resources */ = {isa = PBXBuildFile; fileRef = E47916BC281F849100D94250 /* MeHeaderView.xib */; };
		E47916BF281FC26000D94250 /* NoteDetailVC-MeVC.swift in Sources */ = {isa = PBXBuildFile; fileRef = E47916BE281FC26000D94250 /* NoteDetailVC-MeVC.swift */; };
		E47916C1281FC56C00D94250 /* MeVC-BackOrDrawer.swift in Sources */ = {isa = PBXBuildFile; fileRef = E47916C0281FC56C00D94250 /* MeVC-BackOrDrawer.swift */; };
		E47916C3281FC92F00D94250 /* CustomClasses.swift in Sources */ = {isa = PBXBuildFile; fileRef = E47916C2281FC92F00D94250 /* CustomClasses.swift */; };
		E47D48A52816694900A457C5 /* avatarPH.png in Resources */ = {isa = PBXBuildFile; fileRef = E47D48A42816694900A457C5 /* avatarPH.png */; };
		E47D48A72816695200A457C5 /* imagePH.png in Resources */ = {isa = PBXBuildFile; fileRef = E47D48A62816695200A457C5 /* imagePH.png */; };
		E481D2C0281E51EA009644C9 /* NoteDetailVC-DelReply.swift in Sources */ = {isa = PBXBuildFile; fileRef = E481D2BF281E51EA009644C9 /* NoteDetailVC-DelReply.swift */; };
		E481D2C2281E7593009644C9 /* Other-Extensions.swift in Sources */ = {isa = PBXBuildFile; fileRef = E481D2C1281E7593009644C9 /* Other-Extensions.swift */; };
		E4976CBD280684DC00BF4BAF /* POICell.swift in Sources */ = {isa = PBXBuildFile; fileRef = E4976CBC280684DC00BF4BAF /* POICell.swift */; };
		E4976CBF2806896D00BF4BAF /* POIVC-Config.swift in Sources */ = {isa = PBXBuildFile; fileRef = E4976CBE2806896D00BF4BAF /* POIVC-Config.swift */; };
		E49C1D052815265C00E6F51F /* NoteEditVC-Note.swift in Sources */ = {isa = PBXBuildFile; fileRef = E49C1D042815265C00E6F51F /* NoteEditVC-Note.swift */; };
		E49C1D082815327700E6F51F /* NoteDetailVC.swift in Sources */ = {isa = PBXBuildFile; fileRef = E49C1D072815327700E6F51F /* NoteDetailVC.swift */; };
		E49C1D0A2815417700E6F51F /* NoteDetailVC-UI.swift in Sources */ = {isa = PBXBuildFile; fileRef = E49C1D092815417700E6F51F /* NoteDetailVC-UI.swift */; };
		E49C1D0C281541A800E6F51F /* NoteDetailVC-Config.swift in Sources */ = {isa = PBXBuildFile; fileRef = E49C1D0B281541A700E6F51F /* NoteDetailVC-Config.swift */; };
		E49C1D0E2815643B00E6F51F /* CustomViews.swift in Sources */ = {isa = PBXBuildFile; fileRef = E49C1D0D2815643B00E6F51F /* CustomViews.swift */; };
		E4AF5D952807FB0300FA4A34 /* WaterfallVC-loadData.swift in Sources */ = {isa = PBXBuildFile; fileRef = E4AF5D942807FB0300FA4A34 /* WaterfallVC-loadData.swift */; };
		E4AF68C82818DB590065C7A7 /* NoteDetailVC-ShareOrMore.swift in Sources */ = {isa = PBXBuildFile; fileRef = E4AF68C72818DB590065C7A7 /* NoteDetailVC-ShareOrMore.swift */; };
		E4AF68CA2818DE7E0065C7A7 /* NoteDetailVC-DelNote.swift in Sources */ = {isa = PBXBuildFile; fileRef = E4AF68C92818DE7E0065C7A7 /* NoteDetailVC-DelNote.swift */; };
		E4AF68CC2818E32B0065C7A7 /* NoteDetailVC-Helper.swift in Sources */ = {isa = PBXBuildFile; fileRef = E4AF68CB2818E32B0065C7A7 /* NoteDetailVC-Helper.swift */; };
		E4AF68CE2818ECA70065C7A7 /* NoteDetailVC-EditNote.swift in Sources */ = {isa = PBXBuildFile; fileRef = E4AF68CD2818ECA70065C7A7 /* NoteDetailVC-EditNote.swift */; };
		E4C56E5628040F25002D9019 /* NoteEditVC.swift in Sources */ = {isa = PBXBuildFile; fileRef = E4C56E5528040F25002D9019 /* NoteEditVC.swift */; };
		E4C56E5828041641002D9019 /* PhotoCell.swift in Sources */ = {isa = PBXBuildFile; fileRef = E4C56E5728041641002D9019 /* PhotoCell.swift */; };
		E4C56E5B28042E0F002D9019 /* PhotoFooterView.swift in Sources */ = {isa = PBXBuildFile; fileRef = E4C56E5A28042E0F002D9019 /* PhotoFooterView.swift */; };
		E4CAADE1280E8DC60015FEDE /* SocialLoginVC.swift in Sources */ = {isa = PBXBuildFile; fileRef = E4CAADE0280E8DC60015FEDE /* SocialLoginVC.swift */; };
		E4CAADE3280E8DF50015FEDE /* SocialLoginVC-Alipay.swift in Sources */ = {isa = PBXBuildFile; fileRef = E4CAADE2280E8DF50015FEDE /* SocialLoginVC-Alipay.swift */; };
		E4D6FB372820C34D0064E56B /* MeVC-Config.swift in Sources */ = {isa = PBXBuildFile; fileRef = E4D6FB362820C34D0064E56B /* MeVC-Config.swift */; };
		E4D6FB392820C4590064E56B /* MeVC-HeaderView.swift in Sources */ = {isa = PBXBuildFile; fileRef = E4D6FB382820C4590064E56B /* MeVC-HeaderView.swift */; };
		E4D6FB3B2820C92D0064E56B /* MeVC-EditIntro.swift in Sources */ = {isa = PBXBuildFile; fileRef = E4D6FB3A2820C92D0064E56B /* MeVC-EditIntro.swift */; };
		E4D6FB3D2820C9DA0064E56B /* MeVC-EditOrFollow.swift in Sources */ = {isa = PBXBuildFile; fileRef = E4D6FB3C2820C9DA0064E56B /* MeVC-EditOrFollow.swift */; };
		E4D6FB3F2820CB430064E56B /* MeVC-SettingOrChat.swift in Sources */ = {isa = PBXBuildFile; fileRef = E4D6FB3E2820CB430064E56B /* MeVC-SettingOrChat.swift */; };
		E4D6FB412820CCF80064E56B /* WaterfallVC-Config.swift in Sources */ = {isa = PBXBuildFile; fileRef = E4D6FB402820CCF80064E56B /* WaterfallVC-Config.swift */; };
		E4D6FB432820CD500064E56B /* WaterfallVC-DataSource.swift in Sources */ = {isa = PBXBuildFile; fileRef = E4D6FB422820CD500064E56B /* WaterfallVC-DataSource.swift */; };
		E4D6FB452820CD920064E56B /* WaterfallVC-Delegate.swift in Sources */ = {isa = PBXBuildFile; fileRef = E4D6FB442820CD920064E56B /* WaterfallVC-Delegate.swift */; };
		E4D6FB472820D0050064E56B /* NoteEditVC-DraftNote.swift in Sources */ = {isa = PBXBuildFile; fileRef = E4D6FB462820D0050064E56B /* NoteEditVC-DraftNote.swift */; };
		E4D6FB492820D04C0064E56B /* NoteEditVC-Config.swift in Sources */ = {isa = PBXBuildFile; fileRef = E4D6FB482820D04C0064E56B /* NoteEditVC-Config.swift */; };
		E4D6FB4C282103EA0064E56B /* MyDraftNoteWaterfallCell.swift in Sources */ = {isa = PBXBuildFile; fileRef = E4D6FB4A282103EA0064E56B /* MyDraftNoteWaterfallCell.swift */; };
		E4D6FB4D282103EA0064E56B /* MyDraftNoteWaterfallCell.xib in Resources */ = {isa = PBXBuildFile; fileRef = E4D6FB4B282103EA0064E56B /* MyDraftNoteWaterfallCell.xib */; };
		E4D6FB4F28210E920064E56B /* WaterfallVC-Layout.swift in Sources */ = {isa = PBXBuildFile; fileRef = E4D6FB4E28210E920064E56B /* WaterfallVC-Layout.swift */; };
		E4D6FB5128212B2A0064E56B /* IntroVC.swift in Sources */ = {isa = PBXBuildFile; fileRef = E4D6FB5028212B2A0064E56B /* IntroVC.swift */; };
		E4E24892281B777D00D70F74 /* NoteDetailVC-PostComment.swift in Sources */ = {isa = PBXBuildFile; fileRef = E4E24891281B777D00D70F74 /* NoteDetailVC-PostComment.swift */; };
		E4E24894281B77C600D70F74 /* NoteDetailVC-PostReply.swift in Sources */ = {isa = PBXBuildFile; fileRef = E4E24893281B77C600D70F74 /* NoteDetailVC-PostReply.swift */; };
		E4E24896281B86E400D70F74 /* CommentSectionFooterView.swift in Sources */ = {isa = PBXBuildFile; fileRef = E4E24895281B86E400D70F74 /* CommentSectionFooterView.swift */; };
		E4E24898281BA8E300D70F74 /* ReplyCell.swift in Sources */ = {isa = PBXBuildFile; fileRef = E4E24897281BA8E300D70F74 /* ReplyCell.swift */; };
		E4E2489A281BB7D700D70F74 /* ExpandableReplies.swift in Sources */ = {isa = PBXBuildFile; fileRef = E4E24899281BB7D700D70F74 /* ExpandableReplies.swift */; };
		E4E478B8281A268400A19465 /* CommentView.swift in Sources */ = {isa = PBXBuildFile; fileRef = E4E478B7281A268400A19465 /* CommentView.swift */; };
		E4E478BA281A277200A19465 /* CommentView.xib in Resources */ = {isa = PBXBuildFile; fileRef = E4E478B9281A277200A19465 /* CommentView.xib */; };
		E4E478BC281A29F400A19465 /* NoteDetailVC-TVDelegate.swift in Sources */ = {isa = PBXBuildFile; fileRef = E4E478BB281A29F400A19465 /* NoteDetailVC-TVDelegate.swift */; };
		E4E478BE281A2A2200A19465 /* NoteDetailVC-TVDataSource.swift in Sources */ = {isa = PBXBuildFile; fileRef = E4E478BD281A2A2200A19465 /* NoteDetailVC-TVDataSource.swift */; };
		E4E6CB622817811100E56D9E /* NoteDetailVC-Like.swift in Sources */ = {isa = PBXBuildFile; fileRef = E4E6CB612817811100E56D9E /* NoteDetailVC-Like.swift */; };
		E4E6CB642817C57A00E56D9E /* NoteDetailVC-Fav.swift in Sources */ = {isa = PBXBuildFile; fileRef = E4E6CB632817C57A00E56D9E /* NoteDetailVC-Fav.swift */; };
		E4EC3BD8281A619100FF1698 /* NoteDetailVC-LoadData.swift in Sources */ = {isa = PBXBuildFile; fileRef = E4EC3BD7281A619100FF1698 /* NoteDetailVC-LoadData.swift */; };
		E4EC3BDA281A7ADB00FF1698 /* NoteDetailVC-DelComment.swift in Sources */ = {isa = PBXBuildFile; fileRef = E4EC3BD9281A7ADB00FF1698 /* NoteDetailVC-DelComment.swift */; };
		E4F88EE328056CDB00286F85 /* TextViewIAView.xib in Resources */ = {isa = PBXBuildFile; fileRef = E4F88EE228056CDB00286F85 /* TextViewIAView.xib */; };
		E4F88EE528056D4600286F85 /* TextViewIAView.swift in Sources */ = {isa = PBXBuildFile; fileRef = E4F88EE428056D4600286F85 /* TextViewIAView.swift */; };
		E4F88EE72805AF9E00286F85 /* ChannelVC.swift in Sources */ = {isa = PBXBuildFile; fileRef = E4F88EE62805AF9E00286F85 /* ChannelVC.swift */; };
/* End PBXBuildFile section */

/* Begin PBXFileReference section */
		21882D48CD90F0015952A8A9 /* Pods-SmallPink.debug.xcconfig */ = {isa = PBXFileReference; includeInIndex = 1; lastKnownFileType = text.xcconfig; name = "Pods-SmallPink.debug.xcconfig"; path = "Target Support Files/Pods-SmallPink/Pods-SmallPink.debug.xcconfig"; sourceTree = "<group>"; };
		31EB93B3C23608F6D24577C9 /* Pods-SmallPink.release.xcconfig */ = {isa = PBXFileReference; includeInIndex = 1; lastKnownFileType = text.xcconfig; name = "Pods-SmallPink.release.xcconfig"; path = "Target Support Files/Pods-SmallPink/Pods-SmallPink.release.xcconfig"; sourceTree = "<group>"; };
		492C49A31AF87856054FBD4A /* Pods_SmallPink.framework */ = {isa = PBXFileReference; explicitFileType = wrapper.framework; includeInIndex = 0; path = Pods_SmallPink.framework; sourceTree = BUILT_PRODUCTS_DIR; };
		E406E83C2805B23200DCBD04 /* ChannelTableVC.swift */ = {isa = PBXFileReference; lastKnownFileType = sourcecode.swift; path = ChannelTableVC.swift; sourceTree = "<group>"; };
		E406E83E2805BA1700DCBD04 /* Protocols.swift */ = {isa = PBXFileReference; lastKnownFileType = sourcecode.swift; path = Protocols.swift; sourceTree = "<group>"; };
		E40A423027FFEE31000C1BA0 /* SmallPink.app */ = {isa = PBXFileReference; explicitFileType = wrapper.application; includeInIndex = 0; path = SmallPink.app; sourceTree = BUILT_PRODUCTS_DIR; };
		E40A423327FFEE31000C1BA0 /* AppDelegate.swift */ = {isa = PBXFileReference; lastKnownFileType = sourcecode.swift; path = AppDelegate.swift; sourceTree = "<group>"; };
		E40A423527FFEE31000C1BA0 /* SceneDelegate.swift */ = {isa = PBXFileReference; lastKnownFileType = sourcecode.swift; path = SceneDelegate.swift; sourceTree = "<group>"; };
		E40A423A27FFEE31000C1BA0 /* Base */ = {isa = PBXFileReference; lastKnownFileType = file.storyboard; name = Base; path = Base.lproj/Main.storyboard; sourceTree = "<group>"; };
		E40A423D27FFEE31000C1BA0 /* SmallPink.xcdatamodel */ = {isa = PBXFileReference; lastKnownFileType = wrapper.xcdatamodel; path = SmallPink.xcdatamodel; sourceTree = "<group>"; };
		E40A423F27FFEE34000C1BA0 /* Assets.xcassets */ = {isa = PBXFileReference; lastKnownFileType = folder.assetcatalog; path = Assets.xcassets; sourceTree = "<group>"; };
		E40A424227FFEE34000C1BA0 /* Base */ = {isa = PBXFileReference; lastKnownFileType = file.storyboard; name = Base; path = Base.lproj/LaunchScreen.storyboard; sourceTree = "<group>"; };
		E40A424427FFEE34000C1BA0 /* Info.plist */ = {isa = PBXFileReference; lastKnownFileType = text.plist.xml; path = Info.plist; sourceTree = "<group>"; };
		E40A424A27FFEF16000C1BA0 /* .gitignore */ = {isa = PBXFileReference; fileEncoding = 4; lastKnownFileType = text; path = .gitignore; sourceTree = "<group>"; };
		E417DD912807C23600A2A75D /* SmallPink v2.xcdatamodel */ = {isa = PBXFileReference; lastKnownFileType = wrapper.xcdatamodel; path = "SmallPink v2.xcdatamodel"; sourceTree = "<group>"; };
		E417DD922807E10A00A2A75D /* DraftNoteWaterfallCell.swift */ = {isa = PBXFileReference; lastKnownFileType = sourcecode.swift; path = DraftNoteWaterfallCell.swift; sourceTree = "<group>"; };
		E41CA11128051F7100225DCD /* testVideo.mp4 */ = {isa = PBXFileReference; lastKnownFileType = file; path = testVideo.mp4; sourceTree = "<group>"; };
		E41CA113280522E400225DCD /* NoteEditVC-DragDrop.swift */ = {isa = PBXFileReference; lastKnownFileType = sourcecode.swift; path = "NoteEditVC-DragDrop.swift"; sourceTree = "<group>"; };
		E41CA11528054E8B00225DCD /* NoteEditVC-CollectionView.swift */ = {isa = PBXFileReference; lastKnownFileType = sourcecode.swift; path = "NoteEditVC-CollectionView.swift"; sourceTree = "<group>"; };
		E420117F28051261008D149E /* SmallPink-Bridging-Header.h */ = {isa = PBXFileReference; lastKnownFileType = sourcecode.c.h; path = "SmallPink-Bridging-Header.h"; sourceTree = "<group>"; };
		E4209E802806CD76004EAD01 /* POIVC-Location.swift */ = {isa = PBXFileReference; lastKnownFileType = sourcecode.swift; path = "POIVC-Location.swift"; sourceTree = "<group>"; };
		E4209E822806D0CF004EAD01 /* POIVC-KeywordsSearch.swift */ = {isa = PBXFileReference; lastKnownFileType = sourcecode.swift; path = "POIVC-KeywordsSearch.swift"; sourceTree = "<group>"; };
		E4258038280CF266009B30BB /* LoginVC.swift */ = {isa = PBXFileReference; lastKnownFileType = sourcecode.swift; path = LoginVC.swift; sourceTree = "<group>"; };
		E425803A280CF5A1009B30BB /* LocalLogin-Extensions.swift */ = {isa = PBXFileReference; lastKnownFileType = sourcecode.swift; path = "LocalLogin-Extensions.swift"; sourceTree = "<group>"; };
		E42B60402813DD2300EDAA71 /* LC-Extensions.swift */ = {isa = PBXFileReference; lastKnownFileType = sourcecode.swift; path = "LC-Extensions.swift"; sourceTree = "<group>"; };
		E42B60422813E5AD00EDAA71 /* Login-Extensions.swift */ = {isa = PBXFileReference; lastKnownFileType = sourcecode.swift; path = "Login-Extensions.swift"; sourceTree = "<group>"; };
		E42B60442813ECF900EDAA71 /* LoginAndMeParentVC.swift */ = {isa = PBXFileReference; lastKnownFileType = sourcecode.swift; path = LoginAndMeParentVC.swift; sourceTree = "<group>"; };
		E42C60F8280FF6D90009B907 /* CodeLoginVC.swift */ = {isa = PBXFileReference; lastKnownFileType = sourcecode.swift; path = CodeLoginVC.swift; sourceTree = "<group>"; };
		E42C60FA280FF6EC0009B907 /* PasswordLoginVC.swift */ = {isa = PBXFileReference; lastKnownFileType = sourcecode.swift; path = PasswordLoginVC.swift; sourceTree = "<group>"; };
		E435A269280FA091002D76A8 /* SmallPink.entitlements */ = {isa = PBXFileReference; lastKnownFileType = text.plist.entitlements; path = SmallPink.entitlements; sourceTree = "<group>"; };
		E435A26A280FA50D002D76A8 /* SocialLoginVC-Apple.swift */ = {isa = PBXFileReference; lastKnownFileType = sourcecode.swift; path = "SocialLoginVC-Apple.swift"; sourceTree = "<group>"; };
		E441D7B4280E9AC500049430 /* libcrypto.a */ = {isa = PBXFileReference; lastKnownFileType = archive.ar; path = libcrypto.a; sourceTree = "<group>"; };
		E441D7B6280E9AC500049430 /* openssl_wrapper.m */ = {isa = PBXFileReference; fileEncoding = 4; lastKnownFileType = sourcecode.c.objc; path = openssl_wrapper.m; sourceTree = "<group>"; };
		E441D7B7280E9AC500049430 /* APRSASigner.h */ = {isa = PBXFileReference; fileEncoding = 4; lastKnownFileType = sourcecode.c.h; path = APRSASigner.h; sourceTree = "<group>"; };
		E441D7B8280E9AC500049430 /* openssl_wrapper.h */ = {isa = PBXFileReference; fileEncoding = 4; lastKnownFileType = sourcecode.c.h; path = openssl_wrapper.h; sourceTree = "<group>"; };
		E441D7B9280E9AC500049430 /* APRSASigner.m */ = {isa = PBXFileReference; fileEncoding = 4; lastKnownFileType = sourcecode.c.objc; path = APRSASigner.m; sourceTree = "<group>"; };
		E441D7BA280E9AC500049430 /* libssl.a */ = {isa = PBXFileReference; lastKnownFileType = archive.ar; path = libssl.a; sourceTree = "<group>"; };
		E441D7BC280E9AC500049430 /* pem2.h */ = {isa = PBXFileReference; fileEncoding = 4; lastKnownFileType = sourcecode.c.h; path = pem2.h; sourceTree = "<group>"; };
		E441D7BD280E9AC500049430 /* pem.h */ = {isa = PBXFileReference; fileEncoding = 4; lastKnownFileType = sourcecode.c.h; path = pem.h; sourceTree = "<group>"; };
		E441D7BE280E9AC500049430 /* ssl3.h */ = {isa = PBXFileReference; fileEncoding = 4; lastKnownFileType = sourcecode.c.h; path = ssl3.h; sourceTree = "<group>"; };
		E441D7BF280E9AC500049430 /* ossl_typ.h */ = {isa = PBXFileReference; fileEncoding = 4; lastKnownFileType = sourcecode.c.h; path = ossl_typ.h; sourceTree = "<group>"; };
		E441D7C0280E9AC500049430 /* dtls1.h */ = {isa = PBXFileReference; fileEncoding = 4; lastKnownFileType = sourcecode.c.h; path = dtls1.h; sourceTree = "<group>"; };
		E441D7C1280E9AC500049430 /* err.h */ = {isa = PBXFileReference; fileEncoding = 4; lastKnownFileType = sourcecode.c.h; path = err.h; sourceTree = "<group>"; };
		E441D7C2280E9AC500049430 /* bn.h */ = {isa = PBXFileReference; fileEncoding = 4; lastKnownFileType = sourcecode.c.h; path = bn.h; sourceTree = "<group>"; };
		E441D7C3280E9AC500049430 /* blowfish.h */ = {isa = PBXFileReference; fileEncoding = 4; lastKnownFileType = sourcecode.c.h; path = blowfish.h; sourceTree = "<group>"; };
		E441D7C4280E9AC500049430 /* cms.h */ = {isa = PBXFileReference; fileEncoding = 4; lastKnownFileType = sourcecode.c.h; path = cms.h; sourceTree = "<group>"; };
		E441D7C5280E9AC500049430 /* engine.h */ = {isa = PBXFileReference; fileEncoding = 4; lastKnownFileType = sourcecode.c.h; path = engine.h; sourceTree = "<group>"; };
		E441D7C6280E9AC500049430 /* conf_api.h */ = {isa = PBXFileReference; fileEncoding = 4; lastKnownFileType = sourcecode.c.h; path = conf_api.h; sourceTree = "<group>"; };
		E441D7C7280E9AC500049430 /* x509.h */ = {isa = PBXFileReference; fileEncoding = 4; lastKnownFileType = sourcecode.c.h; path = x509.h; sourceTree = "<group>"; };
		E441D7C8280E9AC500049430 /* asn1_mac.h */ = {isa = PBXFileReference; fileEncoding = 4; lastKnownFileType = sourcecode.c.h; path = asn1_mac.h; sourceTree = "<group>"; };
		E441D7C9280E9AC500049430 /* ui.h */ = {isa = PBXFileReference; fileEncoding = 4; lastKnownFileType = sourcecode.c.h; path = ui.h; sourceTree = "<group>"; };
		E441D7CA280E9AC500049430 /* kssl.h */ = {isa = PBXFileReference; fileEncoding = 4; lastKnownFileType = sourcecode.c.h; path = kssl.h; sourceTree = "<group>"; };
		E441D7CB280E9AC500049430 /* sha.h */ = {isa = PBXFileReference; fileEncoding = 4; lastKnownFileType = sourcecode.c.h; path = sha.h; sourceTree = "<group>"; };
		E441D7CC280E9AC500049430 /* symhacks.h */ = {isa = PBXFileReference; fileEncoding = 4; lastKnownFileType = sourcecode.c.h; path = symhacks.h; sourceTree = "<group>"; };
		E441D7CD280E9AC500049430 /* asn1.h */ = {isa = PBXFileReference; fileEncoding = 4; lastKnownFileType = sourcecode.c.h; path = asn1.h; sourceTree = "<group>"; };
		E441D7CE280E9AC500049430 /* opensslconf.h */ = {isa = PBXFileReference; fileEncoding = 4; lastKnownFileType = sourcecode.c.h; path = opensslconf.h; sourceTree = "<group>"; };
		E441D7CF280E9AC500049430 /* bio.h */ = {isa = PBXFileReference; fileEncoding = 4; lastKnownFileType = sourcecode.c.h; path = bio.h; sourceTree = "<group>"; };
		E441D7D0280E9AC500049430 /* rc2.h */ = {isa = PBXFileReference; fileEncoding = 4; lastKnownFileType = sourcecode.c.h; path = rc2.h; sourceTree = "<group>"; };
		E441D7D1280E9AC500049430 /* dh.h */ = {isa = PBXFileReference; fileEncoding = 4; lastKnownFileType = sourcecode.c.h; path = dh.h; sourceTree = "<group>"; };
		E441D7D2280E9AC500049430 /* ui_compat.h */ = {isa = PBXFileReference; fileEncoding = 4; lastKnownFileType = sourcecode.c.h; path = ui_compat.h; sourceTree = "<group>"; };
		E441D7D3280E9AC500049430 /* x509v3.h */ = {isa = PBXFileReference; fileEncoding = 4; lastKnownFileType = sourcecode.c.h; path = x509v3.h; sourceTree = "<group>"; };
		E441D7D4280E9AC500049430 /* ssl23.h */ = {isa = PBXFileReference; fileEncoding = 4; lastKnownFileType = sourcecode.c.h; path = ssl23.h; sourceTree = "<group>"; };
		E441D7D5280E9AC500049430 /* conf.h */ = {isa = PBXFileReference; fileEncoding = 4; lastKnownFileType = sourcecode.c.h; path = conf.h; sourceTree = "<group>"; };
		E441D7D6280E9AC500049430 /* md5.h */ = {isa = PBXFileReference; fileEncoding = 4; lastKnownFileType = sourcecode.c.h; path = md5.h; sourceTree = "<group>"; };
		E441D7D7280E9AC500049430 /* x509_vfy.h */ = {isa = PBXFileReference; fileEncoding = 4; lastKnownFileType = sourcecode.c.h; path = x509_vfy.h; sourceTree = "<group>"; };
		E441D7D8280E9AC500049430 /* txt_db.h */ = {isa = PBXFileReference; fileEncoding = 4; lastKnownFileType = sourcecode.c.h; path = txt_db.h; sourceTree = "<group>"; };
		E441D7D9280E9AC500049430 /* safestack.h */ = {isa = PBXFileReference; fileEncoding = 4; lastKnownFileType = sourcecode.c.h; path = safestack.h; sourceTree = "<group>"; };
		E441D7DA280E9AC500049430 /* ecdsa.h */ = {isa = PBXFileReference; fileEncoding = 4; lastKnownFileType = sourcecode.c.h; path = ecdsa.h; sourceTree = "<group>"; };
		E441D7DB280E9AC500049430 /* objects.h */ = {isa = PBXFileReference; fileEncoding = 4; lastKnownFileType = sourcecode.c.h; path = objects.h; sourceTree = "<group>"; };
		E441D7DC280E9AC500049430 /* pkcs12.h */ = {isa = PBXFileReference; fileEncoding = 4; lastKnownFileType = sourcecode.c.h; path = pkcs12.h; sourceTree = "<group>"; };
		E441D7DD280E9AC500049430 /* crypto.h */ = {isa = PBXFileReference; fileEncoding = 4; lastKnownFileType = sourcecode.c.h; path = crypto.h; sourceTree = "<group>"; };
		E441D7DE280E9AC500049430 /* opensslv.h */ = {isa = PBXFileReference; fileEncoding = 4; lastKnownFileType = sourcecode.c.h; path = opensslv.h; sourceTree = "<group>"; };
		E441D7DF280E9AC500049430 /* pkcs7.h */ = {isa = PBXFileReference; fileEncoding = 4; lastKnownFileType = sourcecode.c.h; path = pkcs7.h; sourceTree = "<group>"; };
		E441D7E0280E9AC500049430 /* obj_mac.h */ = {isa = PBXFileReference; fileEncoding = 4; lastKnownFileType = sourcecode.c.h; path = obj_mac.h; sourceTree = "<group>"; };
		E441D7E1280E9AC500049430 /* buffer.h */ = {isa = PBXFileReference; fileEncoding = 4; lastKnownFileType = sourcecode.c.h; path = buffer.h; sourceTree = "<group>"; };
		E441D7E2280E9AC500049430 /* ssl.h */ = {isa = PBXFileReference; fileEncoding = 4; lastKnownFileType = sourcecode.c.h; path = ssl.h; sourceTree = "<group>"; };
		E441D7E3280E9AC500049430 /* srp.h */ = {isa = PBXFileReference; fileEncoding = 4; lastKnownFileType = sourcecode.c.h; path = srp.h; sourceTree = "<group>"; };
		E441D7E4280E9AC500049430 /* camellia.h */ = {isa = PBXFileReference; fileEncoding = 4; lastKnownFileType = sourcecode.c.h; path = camellia.h; sourceTree = "<group>"; };
		E441D7E5280E9AC500049430 /* evp.h */ = {isa = PBXFileReference; fileEncoding = 4; lastKnownFileType = sourcecode.c.h; path = evp.h; sourceTree = "<group>"; };
		E441D7E6280E9AC500049430 /* e_os2.h */ = {isa = PBXFileReference; fileEncoding = 4; lastKnownFileType = sourcecode.c.h; path = e_os2.h; sourceTree = "<group>"; };
		E441D7E7280E9AC500049430 /* md4.h */ = {isa = PBXFileReference; fileEncoding = 4; lastKnownFileType = sourcecode.c.h; path = md4.h; sourceTree = "<group>"; };
		E441D7E8280E9AC500049430 /* hmac.h */ = {isa = PBXFileReference; fileEncoding = 4; lastKnownFileType = sourcecode.c.h; path = hmac.h; sourceTree = "<group>"; };
		E441D7E9280E9AC500049430 /* aes.h */ = {isa = PBXFileReference; fileEncoding = 4; lastKnownFileType = sourcecode.c.h; path = aes.h; sourceTree = "<group>"; };
		E441D7EA280E9AC500049430 /* comp.h */ = {isa = PBXFileReference; fileEncoding = 4; lastKnownFileType = sourcecode.c.h; path = comp.h; sourceTree = "<group>"; };
		E441D7EB280E9AC500049430 /* cast.h */ = {isa = PBXFileReference; fileEncoding = 4; lastKnownFileType = sourcecode.c.h; path = cast.h; sourceTree = "<group>"; };
		E441D7EC280E9AC500049430 /* rc4.h */ = {isa = PBXFileReference; fileEncoding = 4; lastKnownFileType = sourcecode.c.h; path = rc4.h; sourceTree = "<group>"; };
		E441D7ED280E9AC500049430 /* stack.h */ = {isa = PBXFileReference; fileEncoding = 4; lastKnownFileType = sourcecode.c.h; path = stack.h; sourceTree = "<group>"; };
		E441D7EE280E9AC500049430 /* des.h */ = {isa = PBXFileReference; fileEncoding = 4; lastKnownFileType = sourcecode.c.h; path = des.h; sourceTree = "<group>"; };
		E441D7EF280E9AC500049430 /* ocsp.h */ = {isa = PBXFileReference; fileEncoding = 4; lastKnownFileType = sourcecode.c.h; path = ocsp.h; sourceTree = "<group>"; };
		E441D7F0280E9AC500049430 /* ec.h */ = {isa = PBXFileReference; fileEncoding = 4; lastKnownFileType = sourcecode.c.h; path = ec.h; sourceTree = "<group>"; };
		E441D7F1280E9AC500049430 /* ecdh.h */ = {isa = PBXFileReference; fileEncoding = 4; lastKnownFileType = sourcecode.c.h; path = ecdh.h; sourceTree = "<group>"; };
		E441D7F2280E9AC500049430 /* rand.h */ = {isa = PBXFileReference; fileEncoding = 4; lastKnownFileType = sourcecode.c.h; path = rand.h; sourceTree = "<group>"; };
		E441D7F3280E9AC500049430 /* ts.h */ = {isa = PBXFileReference; fileEncoding = 4; lastKnownFileType = sourcecode.c.h; path = ts.h; sourceTree = "<group>"; };
		E441D7F4280E9AC500049430 /* pqueue.h */ = {isa = PBXFileReference; fileEncoding = 4; lastKnownFileType = sourcecode.c.h; path = pqueue.h; sourceTree = "<group>"; };
		E441D7F5280E9AC500049430 /* dso.h */ = {isa = PBXFileReference; fileEncoding = 4; lastKnownFileType = sourcecode.c.h; path = dso.h; sourceTree = "<group>"; };
		E441D7F6280E9AC500049430 /* seed.h */ = {isa = PBXFileReference; fileEncoding = 4; lastKnownFileType = sourcecode.c.h; path = seed.h; sourceTree = "<group>"; };
		E441D7F7280E9AC500049430 /* modes.h */ = {isa = PBXFileReference; fileEncoding = 4; lastKnownFileType = sourcecode.c.h; path = modes.h; sourceTree = "<group>"; };
		E441D7F8280E9AC500049430 /* ssl2.h */ = {isa = PBXFileReference; fileEncoding = 4; lastKnownFileType = sourcecode.c.h; path = ssl2.h; sourceTree = "<group>"; };
		E441D7F9280E9AC500049430 /* rsa.h */ = {isa = PBXFileReference; fileEncoding = 4; lastKnownFileType = sourcecode.c.h; path = rsa.h; sourceTree = "<group>"; };
		E441D7FA280E9AC500049430 /* krb5_asn.h */ = {isa = PBXFileReference; fileEncoding = 4; lastKnownFileType = sourcecode.c.h; path = krb5_asn.h; sourceTree = "<group>"; };
		E441D7FB280E9AC500049430 /* des_old.h */ = {isa = PBXFileReference; fileEncoding = 4; lastKnownFileType = sourcecode.c.h; path = des_old.h; sourceTree = "<group>"; };
		E441D7FC280E9AC500049430 /* ripemd.h */ = {isa = PBXFileReference; fileEncoding = 4; lastKnownFileType = sourcecode.c.h; path = ripemd.h; sourceTree = "<group>"; };
		E441D7FD280E9AC500049430 /* whrlpool.h */ = {isa = PBXFileReference; fileEncoding = 4; lastKnownFileType = sourcecode.c.h; path = whrlpool.h; sourceTree = "<group>"; };
		E441D7FE280E9AC500049430 /* tls1.h */ = {isa = PBXFileReference; fileEncoding = 4; lastKnownFileType = sourcecode.c.h; path = tls1.h; sourceTree = "<group>"; };
		E441D7FF280E9AC500049430 /* mdc2.h */ = {isa = PBXFileReference; fileEncoding = 4; lastKnownFileType = sourcecode.c.h; path = mdc2.h; sourceTree = "<group>"; };
		E441D800280E9AC500049430 /* dsa.h */ = {isa = PBXFileReference; fileEncoding = 4; lastKnownFileType = sourcecode.c.h; path = dsa.h; sourceTree = "<group>"; };
		E441D801280E9AC500049430 /* srtp.h */ = {isa = PBXFileReference; fileEncoding = 4; lastKnownFileType = sourcecode.c.h; path = srtp.h; sourceTree = "<group>"; };
		E441D802280E9AC500049430 /* asn1t.h */ = {isa = PBXFileReference; fileEncoding = 4; lastKnownFileType = sourcecode.c.h; path = asn1t.h; sourceTree = "<group>"; };
		E441D803280E9AC500049430 /* cmac.h */ = {isa = PBXFileReference; fileEncoding = 4; lastKnownFileType = sourcecode.c.h; path = cmac.h; sourceTree = "<group>"; };
		E441D804280E9AC500049430 /* ebcdic.h */ = {isa = PBXFileReference; fileEncoding = 4; lastKnownFileType = sourcecode.c.h; path = ebcdic.h; sourceTree = "<group>"; };
		E441D805280E9AC500049430 /* idea.h */ = {isa = PBXFileReference; fileEncoding = 4; lastKnownFileType = sourcecode.c.h; path = idea.h; sourceTree = "<group>"; };
		E441D806280E9AC500049430 /* lhash.h */ = {isa = PBXFileReference; fileEncoding = 4; lastKnownFileType = sourcecode.c.h; path = lhash.h; sourceTree = "<group>"; };
		E44483942802701000EF1D37 /* WaterfallVC.swift */ = {isa = PBXFileReference; lastKnownFileType = sourcecode.swift; path = WaterfallVC.swift; sourceTree = "<group>"; };
		E44483962802706500EF1D37 /* WaterfallCell.swift */ = {isa = PBXFileReference; lastKnownFileType = sourcecode.swift; path = WaterfallCell.swift; sourceTree = "<group>"; };
		E444839A28027F6700EF1D37 /* TabBarC.swift */ = {isa = PBXFileReference; lastKnownFileType = sourcecode.swift; path = TabBarC.swift; sourceTree = "<group>"; };
		E444839D28027FFC00EF1D37 /* PostVC.swift */ = {isa = PBXFileReference; lastKnownFileType = sourcecode.swift; path = PostVC.swift; sourceTree = "<group>"; };
		E444839F2802804800EF1D37 /* System-Extensions.swift */ = {isa = PBXFileReference; lastKnownFileType = sourcecode.swift; path = "System-Extensions.swift"; sourceTree = "<group>"; };
		E44631042808FC25008AFCE1 /* NoteEditVC-Helper.swift */ = {isa = PBXFileReference; lastKnownFileType = sourcecode.swift; path = "NoteEditVC-Helper.swift"; sourceTree = "<group>"; };
		E44631062808FFF7008AFCE1 /* NoteEditVC-UI.swift */ = {isa = PBXFileReference; lastKnownFileType = sourcecode.swift; path = "NoteEditVC-UI.swift"; sourceTree = "<group>"; };
		E446310828091423008AFCE1 /* MeVC.swift */ = {isa = PBXFileReference; lastKnownFileType = sourcecode.swift; path = MeVC.swift; sourceTree = "<group>"; };
		E44DD60A280655D0007A13A0 /* POIVC.swift */ = {isa = PBXFileReference; lastKnownFileType = sourcecode.swift; path = POIVC.swift; sourceTree = "<group>"; };
		E476499B28002CE00069B535 /* HomeVC.swift */ = {isa = PBXFileReference; lastKnownFileType = sourcecode.swift; path = HomeVC.swift; sourceTree = "<group>"; };
		E476499D280034BF0069B535 /* FollowVC.swift */ = {isa = PBXFileReference; lastKnownFileType = sourcecode.swift; path = FollowVC.swift; sourceTree = "<group>"; };
		E476499F280034DA0069B535 /* DiscoverVC.swift */ = {isa = PBXFileReference; lastKnownFileType = sourcecode.swift; path = DiscoverVC.swift; sourceTree = "<group>"; };
		E47649A1280034FB0069B535 /* NearbyVC.swift */ = {isa = PBXFileReference; lastKnownFileType = sourcecode.swift; path = NearbyVC.swift; sourceTree = "<group>"; };
		E47649A4280035610069B535 /* Constants.swift */ = {isa = PBXFileReference; lastKnownFileType = sourcecode.swift; path = Constants.swift; sourceTree = "<group>"; };
		E477F79C280284AA001987E0 /* zh-Hans */ = {isa = PBXFileReference; lastKnownFileType = text.plist.strings; name = "zh-Hans"; path = "zh-Hans.lproj/Main.strings"; sourceTree = "<group>"; };
		E477F79D280284AA001987E0 /* zh-Hans */ = {isa = PBXFileReference; lastKnownFileType = text.plist.strings; name = "zh-Hans"; path = "zh-Hans.lproj/LaunchScreen.strings"; sourceTree = "<group>"; };
		E47916B8281F831D00D94250 /* MeVC-UI.swift */ = {isa = PBXFileReference; lastKnownFileType = sourcecode.swift; path = "MeVC-UI.swift"; sourceTree = "<group>"; };
		E47916BA281F848200D94250 /* MeHeaderView.swift */ = {isa = PBXFileReference; lastKnownFileType = sourcecode.swift; path = MeHeaderView.swift; sourceTree = "<group>"; };
		E47916BC281F849100D94250 /* MeHeaderView.xib */ = {isa = PBXFileReference; lastKnownFileType = file.xib; path = MeHeaderView.xib; sourceTree = "<group>"; };
		E47916BE281FC26000D94250 /* NoteDetailVC-MeVC.swift */ = {isa = PBXFileReference; lastKnownFileType = sourcecode.swift; path = "NoteDetailVC-MeVC.swift"; sourceTree = "<group>"; };
		E47916C0281FC56C00D94250 /* MeVC-BackOrDrawer.swift */ = {isa = PBXFileReference; lastKnownFileType = sourcecode.swift; path = "MeVC-BackOrDrawer.swift"; sourceTree = "<group>"; };
		E47916C2281FC92F00D94250 /* CustomClasses.swift */ = {isa = PBXFileReference; lastKnownFileType = sourcecode.swift; path = CustomClasses.swift; sourceTree = "<group>"; };
		E47D48A42816694900A457C5 /* avatarPH.png */ = {isa = PBXFileReference; lastKnownFileType = image.png; path = avatarPH.png; sourceTree = "<group>"; };
		E47D48A62816695200A457C5 /* imagePH.png */ = {isa = PBXFileReference; lastKnownFileType = image.png; path = imagePH.png; sourceTree = "<group>"; };
		E481D2BF281E51EA009644C9 /* NoteDetailVC-DelReply.swift */ = {isa = PBXFileReference; lastKnownFileType = sourcecode.swift; path = "NoteDetailVC-DelReply.swift"; sourceTree = "<group>"; };
		E481D2C1281E7593009644C9 /* Other-Extensions.swift */ = {isa = PBXFileReference; lastKnownFileType = sourcecode.swift; path = "Other-Extensions.swift"; sourceTree = "<group>"; };
		E4976CBC280684DC00BF4BAF /* POICell.swift */ = {isa = PBXFileReference; lastKnownFileType = sourcecode.swift; path = POICell.swift; sourceTree = "<group>"; };
		E4976CBE2806896D00BF4BAF /* POIVC-Config.swift */ = {isa = PBXFileReference; lastKnownFileType = sourcecode.swift; path = "POIVC-Config.swift"; sourceTree = "<group>"; };
		E49C1D042815265C00E6F51F /* NoteEditVC-Note.swift */ = {isa = PBXFileReference; lastKnownFileType = sourcecode.swift; path = "NoteEditVC-Note.swift"; sourceTree = "<group>"; };
		E49C1D072815327700E6F51F /* NoteDetailVC.swift */ = {isa = PBXFileReference; lastKnownFileType = sourcecode.swift; path = NoteDetailVC.swift; sourceTree = "<group>"; };
		E49C1D092815417700E6F51F /* NoteDetailVC-UI.swift */ = {isa = PBXFileReference; lastKnownFileType = sourcecode.swift; path = "NoteDetailVC-UI.swift"; sourceTree = "<group>"; };
		E49C1D0B281541A700E6F51F /* NoteDetailVC-Config.swift */ = {isa = PBXFileReference; lastKnownFileType = sourcecode.swift; path = "NoteDetailVC-Config.swift"; sourceTree = "<group>"; };
		E49C1D0D2815643B00E6F51F /* CustomViews.swift */ = {isa = PBXFileReference; lastKnownFileType = sourcecode.swift; path = CustomViews.swift; sourceTree = "<group>"; };
		E4AF5D942807FB0300FA4A34 /* WaterfallVC-loadData.swift */ = {isa = PBXFileReference; lastKnownFileType = sourcecode.swift; path = "WaterfallVC-loadData.swift"; sourceTree = "<group>"; };
		E4AF68C72818DB590065C7A7 /* NoteDetailVC-ShareOrMore.swift */ = {isa = PBXFileReference; lastKnownFileType = sourcecode.swift; path = "NoteDetailVC-ShareOrMore.swift"; sourceTree = "<group>"; };
		E4AF68C92818DE7E0065C7A7 /* NoteDetailVC-DelNote.swift */ = {isa = PBXFileReference; lastKnownFileType = sourcecode.swift; path = "NoteDetailVC-DelNote.swift"; sourceTree = "<group>"; };
		E4AF68CB2818E32B0065C7A7 /* NoteDetailVC-Helper.swift */ = {isa = PBXFileReference; lastKnownFileType = sourcecode.swift; path = "NoteDetailVC-Helper.swift"; sourceTree = "<group>"; };
		E4AF68CD2818ECA70065C7A7 /* NoteDetailVC-EditNote.swift */ = {isa = PBXFileReference; lastKnownFileType = sourcecode.swift; path = "NoteDetailVC-EditNote.swift"; sourceTree = "<group>"; };
		E4C56E522803B5F4002D9019 /* 闭包.playground */ = {isa = PBXFileReference; lastKnownFileType = file.playground; path = "闭包.playground"; sourceTree = "<group>"; xcLanguageSpecificationIdentifier = xcode.lang.swift; };
		E4C56E532803F92D002D9019 /* 值类型+引用类型.playground */ = {isa = PBXFileReference; lastKnownFileType = file.playground; path = "值类型+引用类型.playground"; sourceTree = "<group>"; xcLanguageSpecificationIdentifier = xcode.lang.swift; };
		E4C56E542803FFC0002D9019 /* ARC+循环引用.playground */ = {isa = PBXFileReference; lastKnownFileType = file.playground; path = "ARC+循环引用.playground"; sourceTree = "<group>"; xcLanguageSpecificationIdentifier = xcode.lang.swift; };
		E4C56E5528040F25002D9019 /* NoteEditVC.swift */ = {isa = PBXFileReference; lastKnownFileType = sourcecode.swift; path = NoteEditVC.swift; sourceTree = "<group>"; };
		E4C56E5728041641002D9019 /* PhotoCell.swift */ = {isa = PBXFileReference; lastKnownFileType = sourcecode.swift; path = PhotoCell.swift; sourceTree = "<group>"; };
		E4C56E5928041F1A002D9019 /* 代码实现collectionView.playground */ = {isa = PBXFileReference; lastKnownFileType = file.playground; path = "代码实现collectionView.playground"; sourceTree = "<group>"; xcLanguageSpecificationIdentifier = xcode.lang.swift; };
		E4C56E5A28042E0F002D9019 /* PhotoFooterView.swift */ = {isa = PBXFileReference; lastKnownFileType = sourcecode.swift; path = PhotoFooterView.swift; sourceTree = "<group>"; };
		E4CAADE0280E8DC60015FEDE /* SocialLoginVC.swift */ = {isa = PBXFileReference; lastKnownFileType = sourcecode.swift; path = SocialLoginVC.swift; sourceTree = "<group>"; };
		E4CAADE2280E8DF50015FEDE /* SocialLoginVC-Alipay.swift */ = {isa = PBXFileReference; lastKnownFileType = sourcecode.swift; path = "SocialLoginVC-Alipay.swift"; sourceTree = "<group>"; };
		E4D6FB362820C34D0064E56B /* MeVC-Config.swift */ = {isa = PBXFileReference; lastKnownFileType = sourcecode.swift; path = "MeVC-Config.swift"; sourceTree = "<group>"; };
		E4D6FB382820C4590064E56B /* MeVC-HeaderView.swift */ = {isa = PBXFileReference; lastKnownFileType = sourcecode.swift; path = "MeVC-HeaderView.swift"; sourceTree = "<group>"; };
		E4D6FB3A2820C92D0064E56B /* MeVC-EditIntro.swift */ = {isa = PBXFileReference; lastKnownFileType = sourcecode.swift; path = "MeVC-EditIntro.swift"; sourceTree = "<group>"; };
		E4D6FB3C2820C9DA0064E56B /* MeVC-EditOrFollow.swift */ = {isa = PBXFileReference; lastKnownFileType = sourcecode.swift; path = "MeVC-EditOrFollow.swift"; sourceTree = "<group>"; };
		E4D6FB3E2820CB430064E56B /* MeVC-SettingOrChat.swift */ = {isa = PBXFileReference; lastKnownFileType = sourcecode.swift; path = "MeVC-SettingOrChat.swift"; sourceTree = "<group>"; };
		E4D6FB402820CCF80064E56B /* WaterfallVC-Config.swift */ = {isa = PBXFileReference; lastKnownFileType = sourcecode.swift; path = "WaterfallVC-Config.swift"; sourceTree = "<group>"; };
		E4D6FB422820CD500064E56B /* WaterfallVC-DataSource.swift */ = {isa = PBXFileReference; lastKnownFileType = sourcecode.swift; path = "WaterfallVC-DataSource.swift"; sourceTree = "<group>"; };
		E4D6FB442820CD920064E56B /* WaterfallVC-Delegate.swift */ = {isa = PBXFileReference; lastKnownFileType = sourcecode.swift; path = "WaterfallVC-Delegate.swift"; sourceTree = "<group>"; };
		E4D6FB462820D0050064E56B /* NoteEditVC-DraftNote.swift */ = {isa = PBXFileReference; lastKnownFileType = sourcecode.swift; path = "NoteEditVC-DraftNote.swift"; sourceTree = "<group>"; };
		E4D6FB482820D04C0064E56B /* NoteEditVC-Config.swift */ = {isa = PBXFileReference; lastKnownFileType = sourcecode.swift; path = "NoteEditVC-Config.swift"; sourceTree = "<group>"; };
		E4D6FB4A282103EA0064E56B /* MyDraftNoteWaterfallCell.swift */ = {isa = PBXFileReference; lastKnownFileType = sourcecode.swift; path = MyDraftNoteWaterfallCell.swift; sourceTree = "<group>"; };
		E4D6FB4B282103EA0064E56B /* MyDraftNoteWaterfallCell.xib */ = {isa = PBXFileReference; lastKnownFileType = file.xib; path = MyDraftNoteWaterfallCell.xib; sourceTree = "<group>"; };
		E4D6FB4E28210E920064E56B /* WaterfallVC-Layout.swift */ = {isa = PBXFileReference; lastKnownFileType = sourcecode.swift; path = "WaterfallVC-Layout.swift"; sourceTree = "<group>"; };
		E4D6FB5028212B2A0064E56B /* IntroVC.swift */ = {isa = PBXFileReference; lastKnownFileType = sourcecode.swift; path = IntroVC.swift; sourceTree = "<group>"; };
		E4E24891281B777D00D70F74 /* NoteDetailVC-PostComment.swift */ = {isa = PBXFileReference; lastKnownFileType = sourcecode.swift; path = "NoteDetailVC-PostComment.swift"; sourceTree = "<group>"; };
		E4E24893281B77C600D70F74 /* NoteDetailVC-PostReply.swift */ = {isa = PBXFileReference; lastKnownFileType = sourcecode.swift; path = "NoteDetailVC-PostReply.swift"; sourceTree = "<group>"; };
		E4E24895281B86E400D70F74 /* CommentSectionFooterView.swift */ = {isa = PBXFileReference; lastKnownFileType = sourcecode.swift; path = CommentSectionFooterView.swift; sourceTree = "<group>"; };
		E4E24897281BA8E300D70F74 /* ReplyCell.swift */ = {isa = PBXFileReference; lastKnownFileType = sourcecode.swift; path = ReplyCell.swift; sourceTree = "<group>"; };
		E4E24899281BB7D700D70F74 /* ExpandableReplies.swift */ = {isa = PBXFileReference; lastKnownFileType = sourcecode.swift; path = ExpandableReplies.swift; sourceTree = "<group>"; };
		E4E478B7281A268400A19465 /* CommentView.swift */ = {isa = PBXFileReference; lastKnownFileType = sourcecode.swift; path = CommentView.swift; sourceTree = "<group>"; };
		E4E478B9281A277200A19465 /* CommentView.xib */ = {isa = PBXFileReference; lastKnownFileType = file.xib; path = CommentView.xib; sourceTree = "<group>"; };
		E4E478BB281A29F400A19465 /* NoteDetailVC-TVDelegate.swift */ = {isa = PBXFileReference; lastKnownFileType = sourcecode.swift; path = "NoteDetailVC-TVDelegate.swift"; sourceTree = "<group>"; };
		E4E478BD281A2A2200A19465 /* NoteDetailVC-TVDataSource.swift */ = {isa = PBXFileReference; lastKnownFileType = sourcecode.swift; path = "NoteDetailVC-TVDataSource.swift"; sourceTree = "<group>"; };
		E4E6CB612817811100E56D9E /* NoteDetailVC-Like.swift */ = {isa = PBXFileReference; lastKnownFileType = sourcecode.swift; path = "NoteDetailVC-Like.swift"; sourceTree = "<group>"; };
		E4E6CB632817C57A00E56D9E /* NoteDetailVC-Fav.swift */ = {isa = PBXFileReference; lastKnownFileType = sourcecode.swift; path = "NoteDetailVC-Fav.swift"; sourceTree = "<group>"; };
		E4EC3BD7281A619100FF1698 /* NoteDetailVC-LoadData.swift */ = {isa = PBXFileReference; lastKnownFileType = sourcecode.swift; path = "NoteDetailVC-LoadData.swift"; sourceTree = "<group>"; };
		E4EC3BD9281A7ADB00FF1698 /* NoteDetailVC-DelComment.swift */ = {isa = PBXFileReference; lastKnownFileType = sourcecode.swift; path = "NoteDetailVC-DelComment.swift"; sourceTree = "<group>"; };
		E4F88EE228056CDB00286F85 /* TextViewIAView.xib */ = {isa = PBXFileReference; lastKnownFileType = file.xib; path = TextViewIAView.xib; sourceTree = "<group>"; };
		E4F88EE428056D4600286F85 /* TextViewIAView.swift */ = {isa = PBXFileReference; lastKnownFileType = sourcecode.swift; path = TextViewIAView.swift; sourceTree = "<group>"; };
		E4F88EE62805AF9E00286F85 /* ChannelVC.swift */ = {isa = PBXFileReference; lastKnownFileType = sourcecode.swift; path = ChannelVC.swift; sourceTree = "<group>"; };
/* End PBXFileReference section */

/* Begin PBXFrameworksBuildPhase section */
		E40A422D27FFEE31000C1BA0 /* Frameworks */ = {
			isa = PBXFrameworksBuildPhase;
			buildActionMask = 2147483647;
			files = (
				E441D807280E9AC500049430 /* libcrypto.a in Frameworks */,
				7DDA8CB1F1717448DDBF8C64 /* Pods_SmallPink.framework in Frameworks */,
				E441D80A280E9AC500049430 /* libssl.a in Frameworks */,
			);
			runOnlyForDeploymentPostprocessing = 0;
		};
/* End PBXFrameworksBuildPhase section */

/* Begin PBXGroup section */
		7FE39705BC79163B190D2231 /* Frameworks */ = {
			isa = PBXGroup;
			children = (
				492C49A31AF87856054FBD4A /* Pods_SmallPink.framework */,
			);
			name = Frameworks;
			sourceTree = "<group>";
		};
		E40A422727FFEE31000C1BA0 = {
			isa = PBXGroup;
			children = (
				E40A424A27FFEF16000C1BA0 /* .gitignore */,
				E441D7B3280E9AC500049430 /* AliSDKDemo */,
				E40A423227FFEE31000C1BA0 /* SmallPink */,
				E40A423127FFEE31000C1BA0 /* Products */,
				F9D03767A350AE5E583551EE /* Pods */,
				7FE39705BC79163B190D2231 /* Frameworks */,
			);
			sourceTree = "<group>";
		};
		E40A423127FFEE31000C1BA0 /* Products */ = {
			isa = PBXGroup;
			children = (
				E40A423027FFEE31000C1BA0 /* SmallPink.app */,
			);
			name = Products;
			sourceTree = "<group>";
		};
		E40A423227FFEE31000C1BA0 /* SmallPink */ = {
			isa = PBXGroup;
			children = (
				E435A269280FA091002D76A8 /* SmallPink.entitlements */,
				E40A423327FFEE31000C1BA0 /* AppDelegate.swift */,
				E40A423527FFEE31000C1BA0 /* SceneDelegate.swift */,
				E40A423927FFEE31000C1BA0 /* Main.storyboard */,
				E444839A28027F6700EF1D37 /* TabBarC.swift */,
				E481D2BE281E4AFE009644C9 /* Models */,
				E47649A3280035080069B535 /* Home */,
				E42B60462813ECFE00EDAA71 /* Me */,
				E4258037280CF0E1009B30BB /* Login */,
				E40E781228050A4800065B5D /* NoteEdit */,
				E49C1D062815325100E6F51F /* NoteDetail */,
				E44483982802740E00EF1D37 /* Waterfall */,
				E444839928027F2800EF1D37 /* Common */,
				E444839C28027FDE00EF1D37 /* Demos */,
				E47D48A82816696100A457C5 /* Resources */,
				E40A423F27FFEE34000C1BA0 /* Assets.xcassets */,
				E40A424127FFEE34000C1BA0 /* LaunchScreen.storyboard */,
				E40A424427FFEE34000C1BA0 /* Info.plist */,
				E40A423C27FFEE31000C1BA0 /* SmallPink.xcdatamodeld */,
				E420117F28051261008D149E /* SmallPink-Bridging-Header.h */,
				E41CA11128051F7100225DCD /* testVideo.mp4 */,
			);
			path = SmallPink;
			sourceTree = "<group>";
		};
		E40E781228050A4800065B5D /* NoteEdit */ = {
			isa = PBXGroup;
			children = (
				E4C56E5528040F25002D9019 /* NoteEditVC.swift */,
				E4D6FB482820D04C0064E56B /* NoteEditVC-Config.swift */,
				E44631062808FFF7008AFCE1 /* NoteEditVC-UI.swift */,
				E41CA11528054E8B00225DCD /* NoteEditVC-CollectionView.swift */,
				E41CA113280522E400225DCD /* NoteEditVC-DragDrop.swift */,
				E4D6FB462820D0050064E56B /* NoteEditVC-DraftNote.swift */,
				E49C1D042815265C00E6F51F /* NoteEditVC-Note.swift */,
				E44631042808FC25008AFCE1 /* NoteEditVC-Helper.swift */,
				E4C56E5728041641002D9019 /* PhotoCell.swift */,
				E4C56E5A28042E0F002D9019 /* PhotoFooterView.swift */,
				E4F88EE428056D4600286F85 /* TextViewIAView.swift */,
				E4F88EE228056CDB00286F85 /* TextViewIAView.xib */,
				E4F88EE62805AF9E00286F85 /* ChannelVC.swift */,
				E406E83C2805B23200DCBD04 /* ChannelTableVC.swift */,
				E44DD60A280655D0007A13A0 /* POIVC.swift */,
				E4976CBE2806896D00BF4BAF /* POIVC-Config.swift */,
				E4209E802806CD76004EAD01 /* POIVC-Location.swift */,
				E4209E822806D0CF004EAD01 /* POIVC-KeywordsSearch.swift */,
				E4976CBC280684DC00BF4BAF /* POICell.swift */,
			);
			path = NoteEdit;
			sourceTree = "<group>";
		};
		E4258037280CF0E1009B30BB /* Login */ = {
			isa = PBXGroup;
			children = (
				E4258038280CF266009B30BB /* LoginVC.swift */,
				E4CAADE0280E8DC60015FEDE /* SocialLoginVC.swift */,
				E4CAADE2280E8DF50015FEDE /* SocialLoginVC-Alipay.swift */,
				E435A26A280FA50D002D76A8 /* SocialLoginVC-Apple.swift */,
				E42C60F8280FF6D90009B907 /* CodeLoginVC.swift */,
				E42C60FA280FF6EC0009B907 /* PasswordLoginVC.swift */,
			);
			path = Login;
			sourceTree = "<group>";
		};
		E42B60462813ECFE00EDAA71 /* Me */ = {
			isa = PBXGroup;
			children = (
				E42B60442813ECF900EDAA71 /* LoginAndMeParentVC.swift */,
				E446310828091423008AFCE1 /* MeVC.swift */,
				E4D6FB362820C34D0064E56B /* MeVC-Config.swift */,
				E47916B8281F831D00D94250 /* MeVC-UI.swift */,
				E4D6FB382820C4590064E56B /* MeVC-HeaderView.swift */,
				E47916C0281FC56C00D94250 /* MeVC-BackOrDrawer.swift */,
				E4D6FB3A2820C92D0064E56B /* MeVC-EditIntro.swift */,
				E4D6FB3C2820C9DA0064E56B /* MeVC-EditOrFollow.swift */,
				E4D6FB3E2820CB430064E56B /* MeVC-SettingOrChat.swift */,
				E47916BA281F848200D94250 /* MeHeaderView.swift */,
				E47916BC281F849100D94250 /* MeHeaderView.xib */,
				E4D6FB5028212B2A0064E56B /* IntroVC.swift */,
			);
			path = Me;
			sourceTree = "<group>";
		};
		E441D7B3280E9AC500049430 /* AliSDKDemo */ = {
			isa = PBXGroup;
			children = (
				E441D7B4280E9AC500049430 /* libcrypto.a */,
				E441D7B5280E9AC500049430 /* Utils */,
				E441D7BA280E9AC500049430 /* libssl.a */,
				E441D7BB280E9AC500049430 /* openssl */,
			);
			path = AliSDKDemo;
			sourceTree = "<group>";
		};
		E441D7B5280E9AC500049430 /* Utils */ = {
			isa = PBXGroup;
			children = (
				E441D7B7280E9AC500049430 /* APRSASigner.h */,
				E441D7B9280E9AC500049430 /* APRSASigner.m */,
				E441D7B8280E9AC500049430 /* openssl_wrapper.h */,
				E441D7B6280E9AC500049430 /* openssl_wrapper.m */,
			);
			path = Utils;
			sourceTree = "<group>";
		};
		E441D7BB280E9AC500049430 /* openssl */ = {
			isa = PBXGroup;
			children = (
				E441D7BC280E9AC500049430 /* pem2.h */,
				E441D7BD280E9AC500049430 /* pem.h */,
				E441D7BE280E9AC500049430 /* ssl3.h */,
				E441D7BF280E9AC500049430 /* ossl_typ.h */,
				E441D7C0280E9AC500049430 /* dtls1.h */,
				E441D7C1280E9AC500049430 /* err.h */,
				E441D7C2280E9AC500049430 /* bn.h */,
				E441D7C3280E9AC500049430 /* blowfish.h */,
				E441D7C4280E9AC500049430 /* cms.h */,
				E441D7C5280E9AC500049430 /* engine.h */,
				E441D7C6280E9AC500049430 /* conf_api.h */,
				E441D7C7280E9AC500049430 /* x509.h */,
				E441D7C8280E9AC500049430 /* asn1_mac.h */,
				E441D7C9280E9AC500049430 /* ui.h */,
				E441D7CA280E9AC500049430 /* kssl.h */,
				E441D7CB280E9AC500049430 /* sha.h */,
				E441D7CC280E9AC500049430 /* symhacks.h */,
				E441D7CD280E9AC500049430 /* asn1.h */,
				E441D7CE280E9AC500049430 /* opensslconf.h */,
				E441D7CF280E9AC500049430 /* bio.h */,
				E441D7D0280E9AC500049430 /* rc2.h */,
				E441D7D1280E9AC500049430 /* dh.h */,
				E441D7D2280E9AC500049430 /* ui_compat.h */,
				E441D7D3280E9AC500049430 /* x509v3.h */,
				E441D7D4280E9AC500049430 /* ssl23.h */,
				E441D7D5280E9AC500049430 /* conf.h */,
				E441D7D6280E9AC500049430 /* md5.h */,
				E441D7D7280E9AC500049430 /* x509_vfy.h */,
				E441D7D8280E9AC500049430 /* txt_db.h */,
				E441D7D9280E9AC500049430 /* safestack.h */,
				E441D7DA280E9AC500049430 /* ecdsa.h */,
				E441D7DB280E9AC500049430 /* objects.h */,
				E441D7DC280E9AC500049430 /* pkcs12.h */,
				E441D7DD280E9AC500049430 /* crypto.h */,
				E441D7DE280E9AC500049430 /* opensslv.h */,
				E441D7DF280E9AC500049430 /* pkcs7.h */,
				E441D7E0280E9AC500049430 /* obj_mac.h */,
				E441D7E1280E9AC500049430 /* buffer.h */,
				E441D7E2280E9AC500049430 /* ssl.h */,
				E441D7E3280E9AC500049430 /* srp.h */,
				E441D7E4280E9AC500049430 /* camellia.h */,
				E441D7E5280E9AC500049430 /* evp.h */,
				E441D7E6280E9AC500049430 /* e_os2.h */,
				E441D7E7280E9AC500049430 /* md4.h */,
				E441D7E8280E9AC500049430 /* hmac.h */,
				E441D7E9280E9AC500049430 /* aes.h */,
				E441D7EA280E9AC500049430 /* comp.h */,
				E441D7EB280E9AC500049430 /* cast.h */,
				E441D7EC280E9AC500049430 /* rc4.h */,
				E441D7ED280E9AC500049430 /* stack.h */,
				E441D7EE280E9AC500049430 /* des.h */,
				E441D7EF280E9AC500049430 /* ocsp.h */,
				E441D7F0280E9AC500049430 /* ec.h */,
				E441D7F1280E9AC500049430 /* ecdh.h */,
				E441D7F2280E9AC500049430 /* rand.h */,
				E441D7F3280E9AC500049430 /* ts.h */,
				E441D7F4280E9AC500049430 /* pqueue.h */,
				E441D7F5280E9AC500049430 /* dso.h */,
				E441D7F6280E9AC500049430 /* seed.h */,
				E441D7F7280E9AC500049430 /* modes.h */,
				E441D7F8280E9AC500049430 /* ssl2.h */,
				E441D7F9280E9AC500049430 /* rsa.h */,
				E441D7FA280E9AC500049430 /* krb5_asn.h */,
				E441D7FB280E9AC500049430 /* des_old.h */,
				E441D7FC280E9AC500049430 /* ripemd.h */,
				E441D7FD280E9AC500049430 /* whrlpool.h */,
				E441D7FE280E9AC500049430 /* tls1.h */,
				E441D7FF280E9AC500049430 /* mdc2.h */,
				E441D800280E9AC500049430 /* dsa.h */,
				E441D801280E9AC500049430 /* srtp.h */,
				E441D802280E9AC500049430 /* asn1t.h */,
				E441D803280E9AC500049430 /* cmac.h */,
				E441D804280E9AC500049430 /* ebcdic.h */,
				E441D805280E9AC500049430 /* idea.h */,
				E441D806280E9AC500049430 /* lhash.h */,
			);
			path = openssl;
			sourceTree = "<group>";
		};
		E44483982802740E00EF1D37 /* Waterfall */ = {
			isa = PBXGroup;
			children = (
				E44483942802701000EF1D37 /* WaterfallVC.swift */,
				E4D6FB402820CCF80064E56B /* WaterfallVC-Config.swift */,
				E4AF5D942807FB0300FA4A34 /* WaterfallVC-loadData.swift */,
				E4D6FB422820CD500064E56B /* WaterfallVC-DataSource.swift */,
				E4D6FB442820CD920064E56B /* WaterfallVC-Delegate.swift */,
				E4D6FB4E28210E920064E56B /* WaterfallVC-Layout.swift */,
				E44483962802706500EF1D37 /* WaterfallCell.swift */,
				E417DD922807E10A00A2A75D /* DraftNoteWaterfallCell.swift */,
				E4D6FB4A282103EA0064E56B /* MyDraftNoteWaterfallCell.swift */,
				E4D6FB4B282103EA0064E56B /* MyDraftNoteWaterfallCell.xib */,
			);
			path = Waterfall;
			sourceTree = "<group>";
		};
		E444839928027F2800EF1D37 /* Common */ = {
			isa = PBXGroup;
			children = (
				E44DC18F280D5C65008E1914 /* Extensions */,
				E47649A4280035610069B535 /* Constants.swift */,
				E406E83E2805BA1700DCBD04 /* Protocols.swift */,
				E49C1D0D2815643B00E6F51F /* CustomViews.swift */,
				E47916C2281FC92F00D94250 /* CustomClasses.swift */,
			);
			path = Common;
			sourceTree = "<group>";
		};
		E444839C28027FDE00EF1D37 /* Demos */ = {
			isa = PBXGroup;
			children = (
				E444839D28027FFC00EF1D37 /* PostVC.swift */,
				E4C56E5928041F1A002D9019 /* 代码实现collectionView.playground */,
				E4C56E542803FFC0002D9019 /* ARC+循环引用.playground */,
				E4C56E532803F92D002D9019 /* 值类型+引用类型.playground */,
				E4C56E522803B5F4002D9019 /* 闭包.playground */,
			);
			path = Demos;
			sourceTree = "<group>";
		};
		E44DC18F280D5C65008E1914 /* Extensions */ = {
			isa = PBXGroup;
			children = (
				E444839F2802804800EF1D37 /* System-Extensions.swift */,
				E425803A280CF5A1009B30BB /* LocalLogin-Extensions.swift */,
				E42B60422813E5AD00EDAA71 /* Login-Extensions.swift */,
				E42B60402813DD2300EDAA71 /* LC-Extensions.swift */,
				E481D2C1281E7593009644C9 /* Other-Extensions.swift */,
			);
			path = Extensions;
			sourceTree = "<group>";
		};
		E47649A3280035080069B535 /* Home */ = {
			isa = PBXGroup;
			children = (
				E476499B28002CE00069B535 /* HomeVC.swift */,
				E476499F280034DA0069B535 /* DiscoverVC.swift */,
				E476499D280034BF0069B535 /* FollowVC.swift */,
				E47649A1280034FB0069B535 /* NearbyVC.swift */,
			);
			path = Home;
			sourceTree = "<group>";
		};
		E47D48A82816696100A457C5 /* Resources */ = {
			isa = PBXGroup;
			children = (
				E47D48A42816694900A457C5 /* avatarPH.png */,
				E47D48A62816695200A457C5 /* imagePH.png */,
			);
			path = Resources;
			sourceTree = "<group>";
		};
		E481D2BE281E4AFE009644C9 /* Models */ = {
			isa = PBXGroup;
			children = (
				E4E24899281BB7D700D70F74 /* ExpandableReplies.swift */,
			);
			path = Models;
			sourceTree = "<group>";
		};
		E49C1D062815325100E6F51F /* NoteDetail */ = {
			isa = PBXGroup;
			children = (
				E49C1D072815327700E6F51F /* NoteDetailVC.swift */,
				E49C1D0B281541A700E6F51F /* NoteDetailVC-Config.swift */,
				E49C1D092815417700E6F51F /* NoteDetailVC-UI.swift */,
				E4EC3BD7281A619100FF1698 /* NoteDetailVC-LoadData.swift */,
				E4AF68C72818DB590065C7A7 /* NoteDetailVC-ShareOrMore.swift */,
				E4AF68C92818DE7E0065C7A7 /* NoteDetailVC-DelNote.swift */,
				E4AF68CD2818ECA70065C7A7 /* NoteDetailVC-EditNote.swift */,
				E4E6CB612817811100E56D9E /* NoteDetailVC-Like.swift */,
				E4E6CB632817C57A00E56D9E /* NoteDetailVC-Fav.swift */,
				E4E478BD281A2A2200A19465 /* NoteDetailVC-TVDataSource.swift */,
				E4E478BB281A29F400A19465 /* NoteDetailVC-TVDelegate.swift */,
				E4E24891281B777D00D70F74 /* NoteDetailVC-PostComment.swift */,
				E4EC3BD9281A7ADB00FF1698 /* NoteDetailVC-DelComment.swift */,
				E4E24893281B77C600D70F74 /* NoteDetailVC-PostReply.swift */,
				E481D2BF281E51EA009644C9 /* NoteDetailVC-DelReply.swift */,
				E47916BE281FC26000D94250 /* NoteDetailVC-MeVC.swift */,
				E4AF68CB2818E32B0065C7A7 /* NoteDetailVC-Helper.swift */,
				E4E478B7281A268400A19465 /* CommentView.swift */,
				E4E478B9281A277200A19465 /* CommentView.xib */,
				E4E24895281B86E400D70F74 /* CommentSectionFooterView.swift */,
				E4E24897281BA8E300D70F74 /* ReplyCell.swift */,
			);
			path = NoteDetail;
			sourceTree = "<group>";
		};
		F9D03767A350AE5E583551EE /* Pods */ = {
			isa = PBXGroup;
			children = (
				21882D48CD90F0015952A8A9 /* Pods-SmallPink.debug.xcconfig */,
				31EB93B3C23608F6D24577C9 /* Pods-SmallPink.release.xcconfig */,
			);
			path = Pods;
			sourceTree = "<group>";
		};
/* End PBXGroup section */

/* Begin PBXNativeTarget section */
		E40A422F27FFEE31000C1BA0 /* SmallPink */ = {
			isa = PBXNativeTarget;
			buildConfigurationList = E40A424727FFEE34000C1BA0 /* Build configuration list for PBXNativeTarget "SmallPink" */;
			buildPhases = (
				5202A0344EFAFD65F9B8AD75 /* [CP] Check Pods Manifest.lock */,
				E40A422C27FFEE31000C1BA0 /* Sources */,
				E40A422D27FFEE31000C1BA0 /* Frameworks */,
				E40A422E27FFEE31000C1BA0 /* Resources */,
				93AABA4EB84773625F2805D6 /* [CP] Embed Pods Frameworks */,
				DBA10072BB72A752F2C4F775 /* [CP] Copy Pods Resources */,
			);
			buildRules = (
			);
			dependencies = (
			);
			name = SmallPink;
			productName = SmallPink;
			productReference = E40A423027FFEE31000C1BA0 /* SmallPink.app */;
			productType = "com.apple.product-type.application";
		};
/* End PBXNativeTarget section */

/* Begin PBXProject section */
		E40A422827FFEE31000C1BA0 /* Project object */ = {
			isa = PBXProject;
			attributes = {
				BuildIndependentTargetsInParallel = 1;
				LastSwiftUpdateCheck = 1320;
				LastUpgradeCheck = 1320;
				TargetAttributes = {
					E40A422F27FFEE31000C1BA0 = {
						CreatedOnToolsVersion = 13.2.1;
					};
				};
			};
			buildConfigurationList = E40A422B27FFEE31000C1BA0 /* Build configuration list for PBXProject "SmallPink" */;
			compatibilityVersion = "Xcode 13.0";
			developmentRegion = en;
			hasScannedForEncodings = 0;
			knownRegions = (
				en,
				Base,
				"zh-Hans",
			);
			mainGroup = E40A422727FFEE31000C1BA0;
			productRefGroup = E40A423127FFEE31000C1BA0 /* Products */;
			projectDirPath = "";
			projectRoot = "";
			targets = (
				E40A422F27FFEE31000C1BA0 /* SmallPink */,
			);
		};
/* End PBXProject section */

/* Begin PBXResourcesBuildPhase section */
		E40A422E27FFEE31000C1BA0 /* Resources */ = {
			isa = PBXResourcesBuildPhase;
			buildActionMask = 2147483647;
			files = (
				E40A424B27FFEF16000C1BA0 /* .gitignore in Resources */,
				E47D48A72816695200A457C5 /* imagePH.png in Resources */,
				E4D6FB4D282103EA0064E56B /* MyDraftNoteWaterfallCell.xib in Resources */,
				E40A424327FFEE34000C1BA0 /* LaunchScreen.storyboard in Resources */,
				E4F88EE328056CDB00286F85 /* TextViewIAView.xib in Resources */,
				E40A424027FFEE34000C1BA0 /* Assets.xcassets in Resources */,
				E41CA11228051FF100225DCD /* testVideo.mp4 in Resources */,
				E47D48A52816694900A457C5 /* avatarPH.png in Resources */,
				E47916BD281F849100D94250 /* MeHeaderView.xib in Resources */,
				E4E478BA281A277200A19465 /* CommentView.xib in Resources */,
				E40A423B27FFEE31000C1BA0 /* Main.storyboard in Resources */,
			);
			runOnlyForDeploymentPostprocessing = 0;
		};
/* End PBXResourcesBuildPhase section */

/* Begin PBXShellScriptBuildPhase section */
		5202A0344EFAFD65F9B8AD75 /* [CP] Check Pods Manifest.lock */ = {
			isa = PBXShellScriptBuildPhase;
			buildActionMask = 2147483647;
			files = (
			);
			inputFileListPaths = (
			);
			inputPaths = (
				"${PODS_PODFILE_DIR_PATH}/Podfile.lock",
				"${PODS_ROOT}/Manifest.lock",
			);
			name = "[CP] Check Pods Manifest.lock";
			outputFileListPaths = (
			);
			outputPaths = (
				"$(DERIVED_FILE_DIR)/Pods-SmallPink-checkManifestLockResult.txt",
			);
			runOnlyForDeploymentPostprocessing = 0;
			shellPath = /bin/sh;
			shellScript = "diff \"${PODS_PODFILE_DIR_PATH}/Podfile.lock\" \"${PODS_ROOT}/Manifest.lock\" > /dev/null\nif [ $? != 0 ] ; then\n    # print error to STDERR\n    echo \"error: The sandbox is not in sync with the Podfile.lock. Run 'pod install' or update your CocoaPods installation.\" >&2\n    exit 1\nfi\n# This output is used by Xcode 'outputs' to avoid re-running this script phase.\necho \"SUCCESS\" > \"${SCRIPT_OUTPUT_FILE_0}\"\n";
			showEnvVarsInLog = 0;
		};
		93AABA4EB84773625F2805D6 /* [CP] Embed Pods Frameworks */ = {
			isa = PBXShellScriptBuildPhase;
			buildActionMask = 2147483647;
			files = (
			);
			inputFileListPaths = (
				"${PODS_ROOT}/Target Support Files/Pods-SmallPink/Pods-SmallPink-frameworks-${CONFIGURATION}-input-files.xcfilelist",
			);
			name = "[CP] Embed Pods Frameworks";
			outputFileListPaths = (
				"${PODS_ROOT}/Target Support Files/Pods-SmallPink/Pods-SmallPink-frameworks-${CONFIGURATION}-output-files.xcfilelist",
			);
			runOnlyForDeploymentPostprocessing = 0;
			shellPath = /bin/sh;
			shellScript = "\"${PODS_ROOT}/Target Support Files/Pods-SmallPink/Pods-SmallPink-frameworks.sh\"\n";
			showEnvVarsInLog = 0;
		};
		DBA10072BB72A752F2C4F775 /* [CP] Copy Pods Resources */ = {
			isa = PBXShellScriptBuildPhase;
			buildActionMask = 2147483647;
			files = (
			);
			inputFileListPaths = (
				"${PODS_ROOT}/Target Support Files/Pods-SmallPink/Pods-SmallPink-resources-${CONFIGURATION}-input-files.xcfilelist",
			);
			name = "[CP] Copy Pods Resources";
			outputFileListPaths = (
				"${PODS_ROOT}/Target Support Files/Pods-SmallPink/Pods-SmallPink-resources-${CONFIGURATION}-output-files.xcfilelist",
			);
			runOnlyForDeploymentPostprocessing = 0;
			shellPath = /bin/sh;
			shellScript = "\"${PODS_ROOT}/Target Support Files/Pods-SmallPink/Pods-SmallPink-resources.sh\"\n";
			showEnvVarsInLog = 0;
		};
/* End PBXShellScriptBuildPhase section */

/* Begin PBXSourcesBuildPhase section */
		E40A422C27FFEE31000C1BA0 /* Sources */ = {
			isa = PBXSourcesBuildPhase;
			buildActionMask = 2147483647;
			files = (
				E4E2489A281BB7D700D70F74 /* ExpandableReplies.swift in Sources */,
				E4AF68CA2818DE7E0065C7A7 /* NoteDetailVC-DelNote.swift in Sources */,
				E47916B9281F831D00D94250 /* MeVC-UI.swift in Sources */,
				E42B60412813DD2300EDAA71 /* LC-Extensions.swift in Sources */,
				E4209E832806D0CF004EAD01 /* POIVC-KeywordsSearch.swift in Sources */,
				E41CA114280522E400225DCD /* NoteEditVC-DragDrop.swift in Sources */,
				E40A423E27FFEE31000C1BA0 /* SmallPink.xcdatamodeld in Sources */,
				E481D2C0281E51EA009644C9 /* NoteDetailVC-DelReply.swift in Sources */,
				E4D6FB452820CD920064E56B /* WaterfallVC-Delegate.swift in Sources */,
				E4C56E5828041641002D9019 /* PhotoCell.swift in Sources */,
				E44631052808FC25008AFCE1 /* NoteEditVC-Helper.swift in Sources */,
				E4D6FB4C282103EA0064E56B /* MyDraftNoteWaterfallCell.swift in Sources */,
				E4D6FB3B2820C92D0064E56B /* MeVC-EditIntro.swift in Sources */,
				E4D6FB492820D04C0064E56B /* NoteEditVC-Config.swift in Sources */,
				E406E83F2805BA1700DCBD04 /* Protocols.swift in Sources */,
				E444839B28027F6700EF1D37 /* TabBarC.swift in Sources */,
				E4F88EE528056D4600286F85 /* TextViewIAView.swift in Sources */,
				E44483952802701000EF1D37 /* WaterfallVC.swift in Sources */,
				E44631072808FFF7008AFCE1 /* NoteEditVC-UI.swift in Sources */,
				E481D2C2281E7593009644C9 /* Other-Extensions.swift in Sources */,
				E4C56E5B28042E0F002D9019 /* PhotoFooterView.swift in Sources */,
				E47916BB281F848200D94250 /* MeHeaderView.swift in Sources */,
				E4258039280CF266009B30BB /* LoginVC.swift in Sources */,
				E4209E812806CD76004EAD01 /* POIVC-Location.swift in Sources */,
				E4976CBD280684DC00BF4BAF /* POICell.swift in Sources */,
				E42B60432813E5AD00EDAA71 /* Login-Extensions.swift in Sources */,
				E4D6FB392820C4590064E56B /* MeVC-HeaderView.swift in Sources */,
				E44483972802706500EF1D37 /* WaterfallCell.swift in Sources */,
				E4E478BE281A2A2200A19465 /* NoteDetailVC-TVDataSource.swift in Sources */,
				E4D6FB4F28210E920064E56B /* WaterfallVC-Layout.swift in Sources */,
				E441D809280E9AC500049430 /* APRSASigner.m in Sources */,
				E4F88EE72805AF9E00286F85 /* ChannelVC.swift in Sources */,
				E425803B280CF5A1009B30BB /* LocalLogin-Extensions.swift in Sources */,
				E42B60452813ECF900EDAA71 /* LoginAndMeParentVC.swift in Sources */,
				E4C56E5628040F25002D9019 /* NoteEditVC.swift in Sources */,
				E4D6FB5128212B2A0064E56B /* IntroVC.swift in Sources */,
				E446310928091423008AFCE1 /* MeVC.swift in Sources */,
				E4CAADE3280E8DF50015FEDE /* SocialLoginVC-Alipay.swift in Sources */,
				E4D6FB432820CD500064E56B /* WaterfallVC-DataSource.swift in Sources */,
				E476499C28002CE00069B535 /* HomeVC.swift in Sources */,
				E4E478B8281A268400A19465 /* CommentView.swift in Sources */,
				E476499E280034BF0069B535 /* FollowVC.swift in Sources */,
				E444839E28027FFC00EF1D37 /* PostVC.swift in Sources */,
				E4D6FB412820CCF80064E56B /* WaterfallVC-Config.swift in Sources */,
				E41CA11628054E8B00225DCD /* NoteEditVC-CollectionView.swift in Sources */,
				E4976CBF2806896D00BF4BAF /* POIVC-Config.swift in Sources */,
				E4E6CB642817C57A00E56D9E /* NoteDetailVC-Fav.swift in Sources */,
				E435A26B280FA50D002D76A8 /* SocialLoginVC-Apple.swift in Sources */,
				E4AF68C82818DB590065C7A7 /* NoteDetailVC-ShareOrMore.swift in Sources */,
				E49C1D0A2815417700E6F51F /* NoteDetailVC-UI.swift in Sources */,
				E4D6FB372820C34D0064E56B /* MeVC-Config.swift in Sources */,
				E4E24894281B77C600D70F74 /* NoteDetailVC-PostReply.swift in Sources */,
				E40A423427FFEE31000C1BA0 /* AppDelegate.swift in Sources */,
				E4AF68CC2818E32B0065C7A7 /* NoteDetailVC-Helper.swift in Sources */,
				E4EC3BD8281A619100FF1698 /* NoteDetailVC-LoadData.swift in Sources */,
				E4AF5D952807FB0300FA4A34 /* WaterfallVC-loadData.swift in Sources */,
				E49C1D052815265C00E6F51F /* NoteEditVC-Note.swift in Sources */,
				E4E6CB622817811100E56D9E /* NoteDetailVC-Like.swift in Sources */,
				E4D6FB3F2820CB430064E56B /* MeVC-SettingOrChat.swift in Sources */,
				E417DD932807E10A00A2A75D /* DraftNoteWaterfallCell.swift in Sources */,
				E4EC3BDA281A7ADB00FF1698 /* NoteDetailVC-DelComment.swift in Sources */,
				E44483A02802804800EF1D37 /* System-Extensions.swift in Sources */,
				E4E478BC281A29F400A19465 /* NoteDetailVC-TVDelegate.swift in Sources */,
				E4AF68CE2818ECA70065C7A7 /* NoteDetailVC-EditNote.swift in Sources */,
				E406E83D2805B23200DCBD04 /* ChannelTableVC.swift in Sources */,
				E40A423627FFEE31000C1BA0 /* SceneDelegate.swift in Sources */,
				E49C1D082815327700E6F51F /* NoteDetailVC.swift in Sources */,
				E42C60F9280FF6DA0009B907 /* CodeLoginVC.swift in Sources */,
				E44DD60B280655D0007A13A0 /* POIVC.swift in Sources */,
				E49C1D0C281541A800E6F51F /* NoteDetailVC-Config.swift in Sources */,
				E4E24898281BA8E300D70F74 /* ReplyCell.swift in Sources */,
				E47916BF281FC26000D94250 /* NoteDetailVC-MeVC.swift in Sources */,
				E47649A0280034DA0069B535 /* DiscoverVC.swift in Sources */,
				E4E24892281B777D00D70F74 /* NoteDetailVC-PostComment.swift in Sources */,
				E441D808280E9AC500049430 /* openssl_wrapper.m in Sources */,
				E4E24896281B86E400D70F74 /* CommentSectionFooterView.swift in Sources */,
				E49C1D0E2815643B00E6F51F /* CustomViews.swift in Sources */,
				E42C60FB280FF6EC0009B907 /* PasswordLoginVC.swift in Sources */,
				E47649A2280034FB0069B535 /* NearbyVC.swift in Sources */,
				E47916C1281FC56C00D94250 /* MeVC-BackOrDrawer.swift in Sources */,
				E4D6FB3D2820C9DA0064E56B /* MeVC-EditOrFollow.swift in Sources */,
				E4D6FB472820D0050064E56B /* NoteEditVC-DraftNote.swift in Sources */,
				E4CAADE1280E8DC60015FEDE /* SocialLoginVC.swift in Sources */,
				E47649A5280035610069B535 /* Constants.swift in Sources */,
				E47916C3281FC92F00D94250 /* CustomClasses.swift in Sources */,
			);
			runOnlyForDeploymentPostprocessing = 0;
		};
/* End PBXSourcesBuildPhase section */

/* Begin PBXVariantGroup section */
		E40A423927FFEE31000C1BA0 /* Main.storyboard */ = {
			isa = PBXVariantGroup;
			children = (
				E40A423A27FFEE31000C1BA0 /* Base */,
				E477F79C280284AA001987E0 /* zh-Hans */,
			);
			name = Main.storyboard;
			sourceTree = "<group>";
		};
		E40A424127FFEE34000C1BA0 /* LaunchScreen.storyboard */ = {
			isa = PBXVariantGroup;
			children = (
				E40A424227FFEE34000C1BA0 /* Base */,
				E477F79D280284AA001987E0 /* zh-Hans */,
			);
			name = LaunchScreen.storyboard;
			sourceTree = "<group>";
		};
/* End PBXVariantGroup section */

/* Begin XCBuildConfiguration section */
		E40A424527FFEE34000C1BA0 /* Debug */ = {
			isa = XCBuildConfiguration;
			buildSettings = {
				ALWAYS_SEARCH_USER_PATHS = NO;
				CLANG_ANALYZER_LOCALIZABILITY_NONLOCALIZED = YES;
				CLANG_ANALYZER_NONNULL = YES;
				CLANG_ANALYZER_NUMBER_OBJECT_CONVERSION = YES_AGGRESSIVE;
				CLANG_CXX_LANGUAGE_STANDARD = "gnu++17";
				CLANG_CXX_LIBRARY = "libc++";
				CLANG_ENABLE_MODULES = YES;
				CLANG_ENABLE_OBJC_ARC = YES;
				CLANG_ENABLE_OBJC_WEAK = YES;
				CLANG_WARN_BLOCK_CAPTURE_AUTORELEASING = YES;
				CLANG_WARN_BOOL_CONVERSION = YES;
				CLANG_WARN_COMMA = YES;
				CLANG_WARN_CONSTANT_CONVERSION = YES;
				CLANG_WARN_DEPRECATED_OBJC_IMPLEMENTATIONS = YES;
				CLANG_WARN_DIRECT_OBJC_ISA_USAGE = YES_ERROR;
				CLANG_WARN_DOCUMENTATION_COMMENTS = YES;
				CLANG_WARN_EMPTY_BODY = YES;
				CLANG_WARN_ENUM_CONVERSION = YES;
				CLANG_WARN_INFINITE_RECURSION = YES;
				CLANG_WARN_INT_CONVERSION = YES;
				CLANG_WARN_NON_LITERAL_NULL_CONVERSION = YES;
				CLANG_WARN_OBJC_IMPLICIT_RETAIN_SELF = YES;
				CLANG_WARN_OBJC_LITERAL_CONVERSION = YES;
				CLANG_WARN_OBJC_ROOT_CLASS = YES_ERROR;
				CLANG_WARN_QUOTED_INCLUDE_IN_FRAMEWORK_HEADER = YES;
				CLANG_WARN_RANGE_LOOP_ANALYSIS = YES;
				CLANG_WARN_STRICT_PROTOTYPES = YES;
				CLANG_WARN_SUSPICIOUS_MOVE = YES;
				CLANG_WARN_UNGUARDED_AVAILABILITY = YES_AGGRESSIVE;
				CLANG_WARN_UNREACHABLE_CODE = YES;
				CLANG_WARN__DUPLICATE_METHOD_MATCH = YES;
				COPY_PHASE_STRIP = NO;
				DEBUG_INFORMATION_FORMAT = dwarf;
				ENABLE_STRICT_OBJC_MSGSEND = YES;
				ENABLE_TESTABILITY = YES;
				GCC_C_LANGUAGE_STANDARD = gnu11;
				GCC_DYNAMIC_NO_PIC = NO;
				GCC_NO_COMMON_BLOCKS = YES;
				GCC_OPTIMIZATION_LEVEL = 0;
				GCC_PREPROCESSOR_DEFINITIONS = (
					"DEBUG=1",
					"$(inherited)",
				);
				GCC_WARN_64_TO_32_BIT_CONVERSION = YES;
				GCC_WARN_ABOUT_RETURN_TYPE = YES_ERROR;
				GCC_WARN_UNDECLARED_SELECTOR = YES;
				GCC_WARN_UNINITIALIZED_AUTOS = YES_AGGRESSIVE;
				GCC_WARN_UNUSED_FUNCTION = YES;
				GCC_WARN_UNUSED_VARIABLE = YES;
				IPHONEOS_DEPLOYMENT_TARGET = 14.0;
				MTL_ENABLE_DEBUG_INFO = INCLUDE_SOURCE;
				MTL_FAST_MATH = YES;
				ONLY_ACTIVE_ARCH = YES;
				SDKROOT = iphoneos;
				SWIFT_ACTIVE_COMPILATION_CONDITIONS = DEBUG;
				SWIFT_OPTIMIZATION_LEVEL = "-Onone";
			};
			name = Debug;
		};
		E40A424627FFEE34000C1BA0 /* Release */ = {
			isa = XCBuildConfiguration;
			buildSettings = {
				ALWAYS_SEARCH_USER_PATHS = NO;
				CLANG_ANALYZER_LOCALIZABILITY_NONLOCALIZED = YES;
				CLANG_ANALYZER_NONNULL = YES;
				CLANG_ANALYZER_NUMBER_OBJECT_CONVERSION = YES_AGGRESSIVE;
				CLANG_CXX_LANGUAGE_STANDARD = "gnu++17";
				CLANG_CXX_LIBRARY = "libc++";
				CLANG_ENABLE_MODULES = YES;
				CLANG_ENABLE_OBJC_ARC = YES;
				CLANG_ENABLE_OBJC_WEAK = YES;
				CLANG_WARN_BLOCK_CAPTURE_AUTORELEASING = YES;
				CLANG_WARN_BOOL_CONVERSION = YES;
				CLANG_WARN_COMMA = YES;
				CLANG_WARN_CONSTANT_CONVERSION = YES;
				CLANG_WARN_DEPRECATED_OBJC_IMPLEMENTATIONS = YES;
				CLANG_WARN_DIRECT_OBJC_ISA_USAGE = YES_ERROR;
				CLANG_WARN_DOCUMENTATION_COMMENTS = YES;
				CLANG_WARN_EMPTY_BODY = YES;
				CLANG_WARN_ENUM_CONVERSION = YES;
				CLANG_WARN_INFINITE_RECURSION = YES;
				CLANG_WARN_INT_CONVERSION = YES;
				CLANG_WARN_NON_LITERAL_NULL_CONVERSION = YES;
				CLANG_WARN_OBJC_IMPLICIT_RETAIN_SELF = YES;
				CLANG_WARN_OBJC_LITERAL_CONVERSION = YES;
				CLANG_WARN_OBJC_ROOT_CLASS = YES_ERROR;
				CLANG_WARN_QUOTED_INCLUDE_IN_FRAMEWORK_HEADER = YES;
				CLANG_WARN_RANGE_LOOP_ANALYSIS = YES;
				CLANG_WARN_STRICT_PROTOTYPES = YES;
				CLANG_WARN_SUSPICIOUS_MOVE = YES;
				CLANG_WARN_UNGUARDED_AVAILABILITY = YES_AGGRESSIVE;
				CLANG_WARN_UNREACHABLE_CODE = YES;
				CLANG_WARN__DUPLICATE_METHOD_MATCH = YES;
				COPY_PHASE_STRIP = NO;
				DEBUG_INFORMATION_FORMAT = "dwarf-with-dsym";
				ENABLE_NS_ASSERTIONS = NO;
				ENABLE_STRICT_OBJC_MSGSEND = YES;
				GCC_C_LANGUAGE_STANDARD = gnu11;
				GCC_NO_COMMON_BLOCKS = YES;
				GCC_WARN_64_TO_32_BIT_CONVERSION = YES;
				GCC_WARN_ABOUT_RETURN_TYPE = YES_ERROR;
				GCC_WARN_UNDECLARED_SELECTOR = YES;
				GCC_WARN_UNINITIALIZED_AUTOS = YES_AGGRESSIVE;
				GCC_WARN_UNUSED_FUNCTION = YES;
				GCC_WARN_UNUSED_VARIABLE = YES;
				IPHONEOS_DEPLOYMENT_TARGET = 14.0;
				MTL_ENABLE_DEBUG_INFO = NO;
				MTL_FAST_MATH = YES;
				SDKROOT = iphoneos;
				SWIFT_COMPILATION_MODE = wholemodule;
				SWIFT_OPTIMIZATION_LEVEL = "-O";
				VALIDATE_PRODUCT = YES;
			};
			name = Release;
		};
		E40A424827FFEE34000C1BA0 /* Debug */ = {
			isa = XCBuildConfiguration;
			baseConfigurationReference = 21882D48CD90F0015952A8A9 /* Pods-SmallPink.debug.xcconfig */;
			buildSettings = {
				ASSETCATALOG_COMPILER_APPICON_NAME = AppIcon;
				ASSETCATALOG_COMPILER_GLOBAL_ACCENT_COLOR_NAME = AccentColor;
				CODE_SIGN_ENTITLEMENTS = SmallPink/SmallPink.entitlements;
				CODE_SIGN_STYLE = Automatic;
				CURRENT_PROJECT_VERSION = 1.0.0;
				DEVELOPMENT_TEAM = 85QG4KRLDF;
				GENERATE_INFOPLIST_FILE = YES;
				HEADER_SEARCH_PATHS = (
					"$(inherited)",
					"\"${PODS_CONFIGURATION_BUILD_DIR}/Alamofire/Alamofire.framework/Headers\"",
					"\"${PODS_CONFIGURATION_BUILD_DIR}/CHTCollectionViewWaterfallLayout/CHTCollectionViewWaterfallLayout.framework/Headers\"",
					"\"${PODS_CONFIGURATION_BUILD_DIR}/DateToolsSwift/DateToolsSwift.framework/Headers\"",
					"\"${PODS_CONFIGURATION_BUILD_DIR}/KMPlaceholderTextView/KMPlaceholderTextView.framework/Headers\"",
					"\"${PODS_CONFIGURATION_BUILD_DIR}/MBProgressHUD/MBProgressHUD.framework/Headers\"",
					"\"${PODS_CONFIGURATION_BUILD_DIR}/MJRefresh/MJRefresh.framework/Headers\"",
					"\"${PODS_CONFIGURATION_BUILD_DIR}/PryntTrimmerView/PryntTrimmerView.framework/Headers\"",
					"\"${PODS_CONFIGURATION_BUILD_DIR}/SKPhotoBrowser/SKPhotoBrowser.framework/Headers\"",
					"\"${PODS_CONFIGURATION_BUILD_DIR}/SteviaLayout/Stevia.framework/Headers\"",
					"\"${PODS_CONFIGURATION_BUILD_DIR}/XLPagerTabStrip/XLPagerTabStrip.framework/Headers\"",
					"\"${PODS_CONFIGURATION_BUILD_DIR}/YPImagePicker/YPImagePicker.framework/Headers\"",
					"\"${PODS_ROOT}/Headers/Public\"",
					"\"${PODS_ROOT}/Headers/Public/JCore\"",
					"\"${PODS_ROOT}/Headers/Public/JVerification\"",
					"\"${SRCROOT}/AliSDKDemo\"",
				);
				INFOPLIST_FILE = SmallPink/Info.plist;
				INFOPLIST_KEY_CFBundleDisplayName = "小粉书";
				INFOPLIST_KEY_NSCameraUsageDescription = "用来拍照和录制视频";
				INFOPLIST_KEY_NSLocationWhenInUseUsageDescription = "用来获取周边位置";
				INFOPLIST_KEY_NSMicrophoneUsageDescription = "用来录制视频";
				INFOPLIST_KEY_NSPhotoLibraryAddUsageDescription = "用来添加照片";
				INFOPLIST_KEY_NSPhotoLibraryUsageDescription = "用来选取照片";
				INFOPLIST_KEY_UIApplicationSupportsIndirectInputEvents = YES;
				INFOPLIST_KEY_UILaunchStoryboardName = LaunchScreen;
				INFOPLIST_KEY_UIMainStoryboardFile = Main;
				INFOPLIST_KEY_UISupportedInterfaceOrientations = UIInterfaceOrientationPortrait;
				INFOPLIST_KEY_UISupportedInterfaceOrientations_iPad = "UIInterfaceOrientationPortrait UIInterfaceOrientationPortraitUpsideDown UIInterfaceOrientationLandscapeLeft UIInterfaceOrientationLandscapeRight";
				INFOPLIST_KEY_UISupportedInterfaceOrientations_iPhone = "UIInterfaceOrientationPortrait UIInterfaceOrientationLandscapeLeft UIInterfaceOrientationLandscapeRight";
				IPHONEOS_DEPLOYMENT_TARGET = 14.0;
				LD_RUNPATH_SEARCH_PATHS = (
					"$(inherited)",
					"@executable_path/Frameworks",
				);
				LIBRARY_SEARCH_PATHS = (
					"$(inherited)",
					"$(PROJECT_DIR)/AliSDKDemo",
				);
				MARKETING_VERSION = 1.0;
				PRODUCT_BUNDLE_IDENTIFIER = com.yalan.GuidePage;
				PRODUCT_NAME = "$(TARGET_NAME)";
				SWIFT_EMIT_LOC_STRINGS = YES;
				SWIFT_OBJC_BRIDGING_HEADER = "SmallPink/SmallPink-Bridging-Header.h";
				SWIFT_VERSION = 5.0;
				TARGETED_DEVICE_FAMILY = 1;
			};
			name = Debug;
		};
		E40A424927FFEE34000C1BA0 /* Release */ = {
			isa = XCBuildConfiguration;
			baseConfigurationReference = 31EB93B3C23608F6D24577C9 /* Pods-SmallPink.release.xcconfig */;
			buildSettings = {
				ASSETCATALOG_COMPILER_APPICON_NAME = AppIcon;
				ASSETCATALOG_COMPILER_GLOBAL_ACCENT_COLOR_NAME = AccentColor;
				CODE_SIGN_ENTITLEMENTS = SmallPink/SmallPink.entitlements;
				CODE_SIGN_STYLE = Automatic;
				CURRENT_PROJECT_VERSION = 1.0.0;
				DEVELOPMENT_TEAM = 85QG4KRLDF;
				GENERATE_INFOPLIST_FILE = YES;
				HEADER_SEARCH_PATHS = (
					"$(inherited)",
					"\"${PODS_CONFIGURATION_BUILD_DIR}/Alamofire/Alamofire.framework/Headers\"",
					"\"${PODS_CONFIGURATION_BUILD_DIR}/CHTCollectionViewWaterfallLayout/CHTCollectionViewWaterfallLayout.framework/Headers\"",
					"\"${PODS_CONFIGURATION_BUILD_DIR}/DateToolsSwift/DateToolsSwift.framework/Headers\"",
					"\"${PODS_CONFIGURATION_BUILD_DIR}/KMPlaceholderTextView/KMPlaceholderTextView.framework/Headers\"",
					"\"${PODS_CONFIGURATION_BUILD_DIR}/MBProgressHUD/MBProgressHUD.framework/Headers\"",
					"\"${PODS_CONFIGURATION_BUILD_DIR}/MJRefresh/MJRefresh.framework/Headers\"",
					"\"${PODS_CONFIGURATION_BUILD_DIR}/PryntTrimmerView/PryntTrimmerView.framework/Headers\"",
					"\"${PODS_CONFIGURATION_BUILD_DIR}/SKPhotoBrowser/SKPhotoBrowser.framework/Headers\"",
					"\"${PODS_CONFIGURATION_BUILD_DIR}/SteviaLayout/Stevia.framework/Headers\"",
					"\"${PODS_CONFIGURATION_BUILD_DIR}/XLPagerTabStrip/XLPagerTabStrip.framework/Headers\"",
					"\"${PODS_CONFIGURATION_BUILD_DIR}/YPImagePicker/YPImagePicker.framework/Headers\"",
					"\"${PODS_ROOT}/Headers/Public\"",
					"\"${PODS_ROOT}/Headers/Public/JCore\"",
					"\"${PODS_ROOT}/Headers/Public/JVerification\"",
					"\"${SRCROOT}/AliSDKDemo\"",
				);
				INFOPLIST_FILE = SmallPink/Info.plist;
				INFOPLIST_KEY_CFBundleDisplayName = "小粉书";
				INFOPLIST_KEY_NSCameraUsageDescription = "用来拍照和录制视频";
				INFOPLIST_KEY_NSLocationWhenInUseUsageDescription = "用来获取周边位置";
				INFOPLIST_KEY_NSMicrophoneUsageDescription = "用来录制视频";
				INFOPLIST_KEY_NSPhotoLibraryAddUsageDescription = "用来添加照片";
				INFOPLIST_KEY_NSPhotoLibraryUsageDescription = "用来选取照片";
				INFOPLIST_KEY_UIApplicationSupportsIndirectInputEvents = YES;
				INFOPLIST_KEY_UILaunchStoryboardName = LaunchScreen;
				INFOPLIST_KEY_UIMainStoryboardFile = Main;
				INFOPLIST_KEY_UISupportedInterfaceOrientations = UIInterfaceOrientationPortrait;
				INFOPLIST_KEY_UISupportedInterfaceOrientations_iPad = "UIInterfaceOrientationPortrait UIInterfaceOrientationPortraitUpsideDown UIInterfaceOrientationLandscapeLeft UIInterfaceOrientationLandscapeRight";
				INFOPLIST_KEY_UISupportedInterfaceOrientations_iPhone = "UIInterfaceOrientationPortrait UIInterfaceOrientationLandscapeLeft UIInterfaceOrientationLandscapeRight";
				IPHONEOS_DEPLOYMENT_TARGET = 14.0;
				LD_RUNPATH_SEARCH_PATHS = (
					"$(inherited)",
					"@executable_path/Frameworks",
				);
				LIBRARY_SEARCH_PATHS = (
					"$(inherited)",
					"$(PROJECT_DIR)/AliSDKDemo",
				);
				MARKETING_VERSION = 1.0;
				PRODUCT_BUNDLE_IDENTIFIER = com.yalan.GuidePage;
				PRODUCT_NAME = "$(TARGET_NAME)";
				SWIFT_EMIT_LOC_STRINGS = YES;
				SWIFT_OBJC_BRIDGING_HEADER = "SmallPink/SmallPink-Bridging-Header.h";
				SWIFT_VERSION = 5.0;
				TARGETED_DEVICE_FAMILY = 1;
			};
			name = Release;
		};
/* End XCBuildConfiguration section */

/* Begin XCConfigurationList section */
		E40A422B27FFEE31000C1BA0 /* Build configuration list for PBXProject "SmallPink" */ = {
			isa = XCConfigurationList;
			buildConfigurations = (
				E40A424527FFEE34000C1BA0 /* Debug */,
				E40A424627FFEE34000C1BA0 /* Release */,
			);
			defaultConfigurationIsVisible = 0;
			defaultConfigurationName = Release;
		};
		E40A424727FFEE34000C1BA0 /* Build configuration list for PBXNativeTarget "SmallPink" */ = {
			isa = XCConfigurationList;
			buildConfigurations = (
				E40A424827FFEE34000C1BA0 /* Debug */,
				E40A424927FFEE34000C1BA0 /* Release */,
			);
			defaultConfigurationIsVisible = 0;
			defaultConfigurationName = Release;
		};
/* End XCConfigurationList section */

/* Begin XCVersionGroup section */
		E40A423C27FFEE31000C1BA0 /* SmallPink.xcdatamodeld */ = {
			isa = XCVersionGroup;
			children = (
				E417DD912807C23600A2A75D /* SmallPink v2.xcdatamodel */,
				E40A423D27FFEE31000C1BA0 /* SmallPink.xcdatamodel */,
			);
			currentVersion = E40A423D27FFEE31000C1BA0 /* SmallPink.xcdatamodel */;
			path = SmallPink.xcdatamodeld;
			sourceTree = "<group>";
			versionGroupType = wrapper.xcdatamodel;
		};
/* End XCVersionGroup section */
	};
	rootObject = E40A422827FFEE31000C1BA0 /* Project object */;
}
